PODS:
  - Instabug (6.1.1)
  - Mixpanel (3.0.6):
    - Mixpanel/Mixpanel (= 3.0.6)
  - Mixpanel/Mixpanel (3.0.6)
  - Sourcery (0.7.2)

DEPENDENCIES:
  - Instabug
  - Mixpanel
  - Sourcery

SPEC CHECKSUMS:
  Instabug: a4b69f65058a159f2fb01e7932c4cbc93c4c83eb
  Mixpanel: c462992e6fe84d74a8d0408c0b25852ddd067e4b
  Sourcery: abd498f5fd7dd74a85af911013bd521c1dfbb6ff

PODFILE CHECKSUM: 44c352864f686e33431c2ff6474e4820d66240fb

COCOAPODS: 1.2.1
