PODS:
  - Instabug (7.7.1):
    - Instabug/Instabug (= 7.7.1)
    - Instabug/InstabugCore (= 7.7.1)
  - Instabug/Instabug (7.7.1):
    - Instabug/InstabugCore
  - Instabug/InstabugCore (7.7.1)
  - Mixpanel (3.2.6)
  - SnapKit (4.0.0)
  - Sourcery (0.10.1)

DEPENDENCIES:
  - Instabug
  - Mixpanel
  - SnapKit
  - Sourcery

SPEC CHECKSUMS:
  Instabug: a20a64eabc9307f29df0202e86de7fe6dc979577
  Mixpanel: 2304449c3580927db15c894652a6e135aafae8f5
  SnapKit: a42d492c16e80209130a3379f73596c3454b7694
  Sourcery: ac71ac4d490f62fd381a9f3b558f3093d91bddd5

PODFILE CHECKSUM: 00e03be468c0dfb25006b3d6f2e24b851b7d5c6e

COCOAPODS: 1.4.0.rc.1
