PODS:
  - Realm (3.7.4):
    - Realm/Headers (= 3.7.4)
  - Realm/Headers (3.7.4)
  - RealmSwift (3.7.4):
    - Realm (= 3.7.4)
  - TinyConstraints (3.1.1)

DEPENDENCIES:
  - RealmSwift
  - TinyConstraints

SPEC REPOS:
  https://github.com/cocoapods/specs.git:
    - Realm
    - RealmSwift
    - TinyConstraints

SPEC CHECKSUMS:
  Realm: a469bb59e33f9926102ccaea4349822c53b9117e
  RealmSwift: a45861b21c180f5cf0f122144b9759fa8dde3e9e
  TinyConstraints: c15ce864e9ef87dfd18ee3bd746d510a38d84198

PODFILE CHECKSUM: 646cc9af5a8b7b17db39a7629d8d5734e94998fe

COCOAPODS: 1.5.3
