// !$*UTF8*$!
{
	archiveVersion = 1;
	classes = {
	};
	objectVersion = 46;
	objects = {

/* Begin PBXBuildFile section */
		1AB49C8D51AF4540F381685E /* Pods_SlowEat.framework in Frameworks */ = {isa = PBXBuildFile; fileRef = E7E8904409864EB28B747A37 /* Pods_SlowEat.framework */; };
		240013C51EF9B0AB00CCA87C /* CloudKit.framework in Frameworks */ = {isa = PBXBuildFile; fileRef = 240013C41EF9B0AB00CCA87C /* CloudKit.framework */; };
		240013C71EF9B0B700CCA87C /* CloudKit.framework in Frameworks */ = {isa = PBXBuildFile; fileRef = 240013C61EF9B0B700CCA87C /* CloudKit.framework */; };
		242507ED1FFE033A002FB11B /* FilterMoving.swift in Sources */ = {isa = PBXBuildFile; fileRef = 242507EC1FFE033A002FB11B /* FilterMoving.swift */; };
		242507EE1FFE03BD002FB11B /* FilterMoving.swift in Sources */ = {isa = PBXBuildFile; fileRef = 242507EC1FFE033A002FB11B /* FilterMoving.swift */; };
		242507F01FFE03FD002FB11B /* MealGraderTest.swift in Sources */ = {isa = PBXBuildFile; fileRef = 242507EF1FFE03FD002FB11B /* MealGraderTest.swift */; };
		24309D9D1F06A0B700E32E6C /* FilterMovingTest.swift in Sources */ = {isa = PBXBuildFile; fileRef = 24309D9C1F06A0B700E32E6C /* FilterMovingTest.swift */; };
		24402C0E200A654100C018B3 /* MealsViewController.swift in Sources */ = {isa = PBXBuildFile; fileRef = 24402C0D200A654100C018B3 /* MealsViewController.swift */; };
		244CF5711EFC022100CF35C9 /* SpyRepository.swift in Sources */ = {isa = PBXBuildFile; fileRef = 244CF5701EFC022100CF35C9 /* SpyRepository.swift */; };
		244CF5781EFC031A00CF35C9 /* Templates in Resources */ = {isa = PBXBuildFile; fileRef = 244CF5771EFC031A00CF35C9 /* Templates */; };
		244CF5791EFC031A00CF35C9 /* Templates in Resources */ = {isa = PBXBuildFile; fileRef = 244CF5771EFC031A00CF35C9 /* Templates */; };
		244CF5841EFC042000CF35C9 /* AutoEquatable.generated.swift in Sources */ = {isa = PBXBuildFile; fileRef = 244CF5821EFC041F00CF35C9 /* AutoEquatable.generated.swift */; };
		244CF5871EFC044A00CF35C9 /* AutoEquatable.generated.swift in Sources */ = {isa = PBXBuildFile; fileRef = 244CF5821EFC041F00CF35C9 /* AutoEquatable.generated.swift */; };
		244CF58A1EFC049800CF35C9 /* AutoEquatable.swift in Sources */ = {isa = PBXBuildFile; fileRef = 244CF5881EFC049800CF35C9 /* AutoEquatable.swift */; };
		244CF58B1EFC049800CF35C9 /* AutoHashable.swift in Sources */ = {isa = PBXBuildFile; fileRef = 244CF5891EFC049800CF35C9 /* AutoHashable.swift */; };
		244CF5911EFC04A600CF35C9 /* DateProvider.swift in Sources */ = {isa = PBXBuildFile; fileRef = 244CF58C1EFC04A600CF35C9 /* DateProvider.swift */; };
		244CF5921EFC04A600CF35C9 /* Event.swift in Sources */ = {isa = PBXBuildFile; fileRef = 244CF58D1EFC04A600CF35C9 /* Event.swift */; };
		244CF5931EFC04A600CF35C9 /* EventType.swift in Sources */ = {isa = PBXBuildFile; fileRef = 244CF58E1EFC04A600CF35C9 /* EventType.swift */; };
		244CF5941EFC04A600CF35C9 /* FoundationDateProvider.swift in Sources */ = {isa = PBXBuildFile; fileRef = 244CF58F1EFC04A600CF35C9 /* FoundationDateProvider.swift */; };
		244CF5951EFC04A600CF35C9 /* FoundationTimeTracker.swift in Sources */ = {isa = PBXBuildFile; fileRef = 244CF5901EFC04A600CF35C9 /* FoundationTimeTracker.swift */; };
		244CF5981EFC04BD00CF35C9 /* TimeFormatter.swift in Sources */ = {isa = PBXBuildFile; fileRef = 244CF5961EFC04BD00CF35C9 /* TimeFormatter.swift */; };
		244CF5991EFC04BD00CF35C9 /* TimeTracker.swift in Sources */ = {isa = PBXBuildFile; fileRef = 244CF5971EFC04BD00CF35C9 /* TimeTracker.swift */; };
		244CF5A11EFC04C600CF35C9 /* Logger.swift in Sources */ = {isa = PBXBuildFile; fileRef = 244CF59A1EFC04C600CF35C9 /* Logger.swift */; };
		244CF5A21EFC04C600CF35C9 /* Meal.swift in Sources */ = {isa = PBXBuildFile; fileRef = 244CF59B1EFC04C600CF35C9 /* Meal.swift */; };
		244CF5A31EFC04C600CF35C9 /* MealLogger.swift in Sources */ = {isa = PBXBuildFile; fileRef = 244CF59C1EFC04C600CF35C9 /* MealLogger.swift */; };
		244CF5A41EFC04C600CF35C9 /* MealPresenter.swift in Sources */ = {isa = PBXBuildFile; fileRef = 244CF59D1EFC04C600CF35C9 /* MealPresenter.swift */; };
		244CF5A51EFC04C600CF35C9 /* MealRepository.swift in Sources */ = {isa = PBXBuildFile; fileRef = 244CF59E1EFC04C600CF35C9 /* MealRepository.swift */; };
		244CF5A61EFC04C600CF35C9 /* MealTracker.swift in Sources */ = {isa = PBXBuildFile; fileRef = 244CF59F1EFC04C600CF35C9 /* MealTracker.swift */; };
		244CF5A71EFC04C600CF35C9 /* Tracker.swift in Sources */ = {isa = PBXBuildFile; fileRef = 244CF5A01EFC04C600CF35C9 /* Tracker.swift */; };
		244CF5A81EFC04DB00CF35C9 /* Logger.swift in Sources */ = {isa = PBXBuildFile; fileRef = 244CF59A1EFC04C600CF35C9 /* Logger.swift */; };
		244CF5A91EFC04DB00CF35C9 /* Meal.swift in Sources */ = {isa = PBXBuildFile; fileRef = 244CF59B1EFC04C600CF35C9 /* Meal.swift */; };
		244CF5AA1EFC04DB00CF35C9 /* MealLogger.swift in Sources */ = {isa = PBXBuildFile; fileRef = 244CF59C1EFC04C600CF35C9 /* MealLogger.swift */; };
		244CF5AB1EFC04DB00CF35C9 /* MealPresenter.swift in Sources */ = {isa = PBXBuildFile; fileRef = 244CF59D1EFC04C600CF35C9 /* MealPresenter.swift */; };
		244CF5AC1EFC04DB00CF35C9 /* MealRepository.swift in Sources */ = {isa = PBXBuildFile; fileRef = 244CF59E1EFC04C600CF35C9 /* MealRepository.swift */; };
		244CF5AD1EFC04DB00CF35C9 /* MealTracker.swift in Sources */ = {isa = PBXBuildFile; fileRef = 244CF59F1EFC04C600CF35C9 /* MealTracker.swift */; };
		244CF5AE1EFC04DB00CF35C9 /* Tracker.swift in Sources */ = {isa = PBXBuildFile; fileRef = 244CF5A01EFC04C600CF35C9 /* Tracker.swift */; };
		244CF5AF1EFC04DB00CF35C9 /* Event.swift in Sources */ = {isa = PBXBuildFile; fileRef = 244CF58D1EFC04A600CF35C9 /* Event.swift */; };
		244CF5B01EFC04DB00CF35C9 /* EventType.swift in Sources */ = {isa = PBXBuildFile; fileRef = 244CF58E1EFC04A600CF35C9 /* EventType.swift */; };
		244CF5B11EFC04E100CF35C9 /* TimeFormatter.swift in Sources */ = {isa = PBXBuildFile; fileRef = 244CF5961EFC04BD00CF35C9 /* TimeFormatter.swift */; };
		244CF5B21EFC04E100CF35C9 /* TimeTracker.swift in Sources */ = {isa = PBXBuildFile; fileRef = 244CF5971EFC04BD00CF35C9 /* TimeTracker.swift */; };
		244CF5B31EFC04E100CF35C9 /* DateProvider.swift in Sources */ = {isa = PBXBuildFile; fileRef = 244CF58C1EFC04A600CF35C9 /* DateProvider.swift */; };
		244CF5B41EFC04E100CF35C9 /* FoundationDateProvider.swift in Sources */ = {isa = PBXBuildFile; fileRef = 244CF58F1EFC04A600CF35C9 /* FoundationDateProvider.swift */; };
		244CF5B51EFC04E100CF35C9 /* FoundationTimeTracker.swift in Sources */ = {isa = PBXBuildFile; fileRef = 244CF5901EFC04A600CF35C9 /* FoundationTimeTracker.swift */; };
		244CF5B61EFC04E600CF35C9 /* AutoEquatable.swift in Sources */ = {isa = PBXBuildFile; fileRef = 244CF5881EFC049800CF35C9 /* AutoEquatable.swift */; };
		244CF5B71EFC04E600CF35C9 /* AutoHashable.swift in Sources */ = {isa = PBXBuildFile; fileRef = 244CF5891EFC049800CF35C9 /* AutoHashable.swift */; };
		2453AE091E979D700069C7C3 /* TimeTrackerTest.swift in Sources */ = {isa = PBXBuildFile; fileRef = 2453AE081E979D700069C7C3 /* TimeTrackerTest.swift */; };
		2453AE111E97A2030069C7C3 /* SpyTimeTracker.swift in Sources */ = {isa = PBXBuildFile; fileRef = 2453AE101E97A2030069C7C3 /* SpyTimeTracker.swift */; };
		2455BB241E912AF20038C541 /* EndMealController.swift in Sources */ = {isa = PBXBuildFile; fileRef = 2455BB231E912AF20038C541 /* EndMealController.swift */; };
		2455BB261E912CEC0038C541 /* MealTrackerTest.swift in Sources */ = {isa = PBXBuildFile; fileRef = 2455BB251E912CEC0038C541 /* MealTrackerTest.swift */; };
		2455BB2E1E9131950038C541 /* StaticDateProvider.swift in Sources */ = {isa = PBXBuildFile; fileRef = 2455BB2D1E9131950038C541 /* StaticDateProvider.swift */; };
		24A8A3D11FFCB496003203BB /* MealAnalyser.swift in Sources */ = {isa = PBXBuildFile; fileRef = 24A8A3D01FFCB496003203BB /* MealAnalyser.swift */; };
		24A8A3D21FFCB49E003203BB /* MealAnalyser.swift in Sources */ = {isa = PBXBuildFile; fileRef = 24A8A3D01FFCB496003203BB /* MealAnalyser.swift */; };
		24B76B981FFF4BB50053466C /* GradedMeal.swift in Sources */ = {isa = PBXBuildFile; fileRef = 24B76B971FFF4BB50053466C /* GradedMeal.swift */; };
		24B76B9A1FFF4BC90053466C /* Grade.swift in Sources */ = {isa = PBXBuildFile; fileRef = 24B76B991FFF4BC90053466C /* Grade.swift */; };
		24B76B9C1FFF4BE00053466C /* MealGrader.swift in Sources */ = {isa = PBXBuildFile; fileRef = 24B76B9B1FFF4BE00053466C /* MealGrader.swift */; };
		24B76B9D1FFF4BF30053466C /* GradedMeal.swift in Sources */ = {isa = PBXBuildFile; fileRef = 24B76B971FFF4BB50053466C /* GradedMeal.swift */; };
		24B76B9E1FFF4BF30053466C /* Grade.swift in Sources */ = {isa = PBXBuildFile; fileRef = 24B76B991FFF4BC90053466C /* Grade.swift */; };
		24B76B9F1FFF4BF30053466C /* MealGrader.swift in Sources */ = {isa = PBXBuildFile; fileRef = 24B76B9B1FFF4BE00053466C /* MealGrader.swift */; };
		24B76BA11FFF59040053466C /* MealAnalyserTest.swift in Sources */ = {isa = PBXBuildFile; fileRef = 24B76BA01FFF59040053466C /* MealAnalyserTest.swift */; };
		24D36EB61E97922400B0B439 /* TimeFormatterTest.swift in Sources */ = {isa = PBXBuildFile; fileRef = 24D36EB51E97922400B0B439 /* TimeFormatterTest.swift */; };
		24DE10321EFC06D900D4A599 /* CKMealRepository.swift in Sources */ = {isa = PBXBuildFile; fileRef = 24DE10311EFC06D900D4A599 /* CKMealRepository.swift */; };
		24DE10331EFC06D900D4A599 /* CKMealRepository.swift in Sources */ = {isa = PBXBuildFile; fileRef = 24DE10311EFC06D900D4A599 /* CKMealRepository.swift */; };
		24EDD2391EB0F5A600724646 /* SpyTracker.swift in Sources */ = {isa = PBXBuildFile; fileRef = 24EDD2381EB0F5A600724646 /* SpyTracker.swift */; };
		24EDD23B1EB0F5C300724646 /* SpyLogger.swift in Sources */ = {isa = PBXBuildFile; fileRef = 24EDD23A1EB0F5C300724646 /* SpyLogger.swift */; };
		24F2E9A71E0405750080ABD9 /* HealthKit.framework in Frameworks */ = {isa = PBXBuildFile; fileRef = 24F2E9A61E0405750080ABD9 /* HealthKit.framework */; };
		24F51B531EB0E62800DBC300 /* MealLoggerTest.swift in Sources */ = {isa = PBXBuildFile; fileRef = 24F51B521EB0E62800DBC300 /* MealLoggerTest.swift */; };
		24F51B5D1EB0ED9600DBC300 /* MealPresenterTest.swift in Sources */ = {isa = PBXBuildFile; fileRef = 24F51B5C1EB0ED9600DBC300 /* MealPresenterTest.swift */; };
		485537BCC4EE796ACE12AB9F /* MealTableViewCell.swift in Sources */ = {isa = PBXBuildFile; fileRef = 48553AE776F3E68CCAF923BF /* MealTableViewCell.swift */; };
		48553E85D843AB347250F070 /* TableViewCell.swift in Sources */ = {isa = PBXBuildFile; fileRef = 4855399208A0B8CF17BFDBB6 /* TableViewCell.swift */; };
		E209700C590A1ED6F9F3DB0C /* Pods_SlowEatTests.framework in Frameworks */ = {isa = PBXBuildFile; fileRef = B31BFF4E8A24E791A1DF09F3 /* Pods_SlowEatTests.framework */; };
		EA4A57771D81F7ED006935A9 /* AppDelegate.swift in Sources */ = {isa = PBXBuildFile; fileRef = EA4A57761D81F7ED006935A9 /* AppDelegate.swift */; };
		EA4A577E1D81F7ED006935A9 /* Assets.xcassets in Resources */ = {isa = PBXBuildFile; fileRef = EA4A577D1D81F7ED006935A9 /* Assets.xcassets */; };
		EA4A57811D81F7ED006935A9 /* LaunchScreen.storyboard in Resources */ = {isa = PBXBuildFile; fileRef = EA4A577F1D81F7ED006935A9 /* LaunchScreen.storyboard */; };
		EA4A579C1D81F7ED006935A9 /* SlowEat.app in Embed Watch Content */ = {isa = PBXBuildFile; fileRef = EA4A579B1D81F7ED006935A9 /* SlowEat.app */; };
		EA4A57A21D81F7ED006935A9 /* Interface.storyboard in Resources */ = {isa = PBXBuildFile; fileRef = EA4A57A01D81F7ED006935A9 /* Interface.storyboard */; };
		EA4A57A41D81F7ED006935A9 /* Assets.xcassets in Resources */ = {isa = PBXBuildFile; fileRef = EA4A57A31D81F7ED006935A9 /* Assets.xcassets */; };
		EA4A57AB1D81F7ED006935A9 /* SlowEat WatchKit Extension.appex in Embed App Extensions */ = {isa = PBXBuildFile; fileRef = EA4A57AA1D81F7ED006935A9 /* SlowEat WatchKit Extension.appex */; settings = {ATTRIBUTES = (RemoveHeadersOnCopy, ); }; };
		EA4A57B21D81F7ED006935A9 /* MealController.swift in Sources */ = {isa = PBXBuildFile; fileRef = EA4A57B11D81F7ED006935A9 /* MealController.swift */; };
		EA4A57B41D81F7ED006935A9 /* ExtensionDelegate.swift in Sources */ = {isa = PBXBuildFile; fileRef = EA4A57B31D81F7ED006935A9 /* ExtensionDelegate.swift */; };
		EA4A57B61D81F7ED006935A9 /* NotificationController.swift in Sources */ = {isa = PBXBuildFile; fileRef = EA4A57B51D81F7ED006935A9 /* NotificationController.swift */; };
		EA4A57B81D81F7ED006935A9 /* ComplicationController.swift in Sources */ = {isa = PBXBuildFile; fileRef = EA4A57B71D81F7ED006935A9 /* ComplicationController.swift */; };
		EA4A57BA1D81F7ED006935A9 /* Assets.xcassets in Resources */ = {isa = PBXBuildFile; fileRef = EA4A57B91D81F7ED006935A9 /* Assets.xcassets */; };
		EA4A57E01D81FFF0006935A9 /* MotionManager.swift in Sources */ = {isa = PBXBuildFile; fileRef = EA4A57DE1D81FFF0006935A9 /* MotionManager.swift */; };
		EA4A57E21D82002E006935A9 /* RunningBuffer.swift in Sources */ = {isa = PBXBuildFile; fileRef = EA4A57E11D82002E006935A9 /* RunningBuffer.swift */; };
		EA51A1101DC2638300542924 /* InitialController.swift in Sources */ = {isa = PBXBuildFile; fileRef = EA51A10F1DC2638300542924 /* InitialController.swift */; };
		EA51A1141DC2643100542924 /* Motivation.swift in Sources */ = {isa = PBXBuildFile; fileRef = EA51A1131DC2643100542924 /* Motivation.swift */; };
		EA8F48741DE9E14C00776EDC /* MovementDelegate.swift in Sources */ = {isa = PBXBuildFile; fileRef = EA8F48731DE9E14C00776EDC /* MovementDelegate.swift */; };
/* End PBXBuildFile section */

/* Begin PBXContainerItemProxy section */
		EA4A57881D81F7ED006935A9 /* PBXContainerItemProxy */ = {
			isa = PBXContainerItemProxy;
			containerPortal = EA4A576B1D81F7ED006935A9 /* Project object */;
			proxyType = 1;
			remoteGlobalIDString = EA4A57721D81F7ED006935A9;
			remoteInfo = SlowEat;
		};
		EA4A579D1D81F7ED006935A9 /* PBXContainerItemProxy */ = {
			isa = PBXContainerItemProxy;
			containerPortal = EA4A576B1D81F7ED006935A9 /* Project object */;
			proxyType = 1;
			remoteGlobalIDString = EA4A579A1D81F7ED006935A9;
			remoteInfo = "SlowEat WatchKit App";
		};
		EA4A57AC1D81F7ED006935A9 /* PBXContainerItemProxy */ = {
			isa = PBXContainerItemProxy;
			containerPortal = EA4A576B1D81F7ED006935A9 /* Project object */;
			proxyType = 1;
			remoteGlobalIDString = EA4A57A91D81F7ED006935A9;
			remoteInfo = "SlowEat WatchKit Extension";
		};
/* End PBXContainerItemProxy section */

/* Begin PBXCopyFilesBuildPhase section */
		EA4A57C11D81F7ED006935A9 /* Embed App Extensions */ = {
			isa = PBXCopyFilesBuildPhase;
			buildActionMask = 2147483647;
			dstPath = "";
			dstSubfolderSpec = 13;
			files = (
				EA4A57AB1D81F7ED006935A9 /* SlowEat WatchKit Extension.appex in Embed App Extensions */,
			);
			name = "Embed App Extensions";
			runOnlyForDeploymentPostprocessing = 0;
		};
		EA4A57C51D81F7ED006935A9 /* Embed Watch Content */ = {
			isa = PBXCopyFilesBuildPhase;
			buildActionMask = 2147483647;
			dstPath = "$(CONTENTS_FOLDER_PATH)/Watch";
			dstSubfolderSpec = 16;
			files = (
				EA4A579C1D81F7ED006935A9 /* SlowEat.app in Embed Watch Content */,
			);
			name = "Embed Watch Content";
			runOnlyForDeploymentPostprocessing = 0;
		};
/* End PBXCopyFilesBuildPhase section */

/* Begin PBXFileReference section */
		01482643ADCC2713AFB09B41 /* Pods-SlowEat.release.xcconfig */ = {isa = PBXFileReference; includeInIndex = 1; lastKnownFileType = text.xcconfig; name = "Pods-SlowEat.release.xcconfig"; path = "Pods/Target Support Files/Pods-SlowEat/Pods-SlowEat.release.xcconfig"; sourceTree = "<group>"; };
		118416861194FF20A95D40CA /* Pods-SlowEatUITests.release.xcconfig */ = {isa = PBXFileReference; includeInIndex = 1; lastKnownFileType = text.xcconfig; name = "Pods-SlowEatUITests.release.xcconfig"; path = "Pods/Target Support Files/Pods-SlowEatUITests/Pods-SlowEatUITests.release.xcconfig"; sourceTree = "<group>"; };
		240013C41EF9B0AB00CCA87C /* CloudKit.framework */ = {isa = PBXFileReference; lastKnownFileType = wrapper.framework; name = CloudKit.framework; path = System/Library/Frameworks/CloudKit.framework; sourceTree = SDKROOT; };
		240013C61EF9B0B700CCA87C /* CloudKit.framework */ = {isa = PBXFileReference; lastKnownFileType = wrapper.framework; name = CloudKit.framework; path = Platforms/WatchOS.platform/Developer/SDKs/WatchOS4.0.sdk/System/Library/Frameworks/CloudKit.framework; sourceTree = DEVELOPER_DIR; };
		241137731DF46D0C0085A6F9 /* SettingsViewController.swift */ = {isa = PBXFileReference; fileEncoding = 4; lastKnownFileType = sourcecode.swift; path = SettingsViewController.swift; sourceTree = "<group>"; };
		242507EC1FFE033A002FB11B /* FilterMoving.swift */ = {isa = PBXFileReference; lastKnownFileType = sourcecode.swift; path = FilterMoving.swift; sourceTree = "<group>"; };
		242507EF1FFE03FD002FB11B /* MealGraderTest.swift */ = {isa = PBXFileReference; lastKnownFileType = sourcecode.swift; path = MealGraderTest.swift; sourceTree = "<group>"; };
		24309D9C1F06A0B700E32E6C /* FilterMovingTest.swift */ = {isa = PBXFileReference; fileEncoding = 4; lastKnownFileType = sourcecode.swift; path = FilterMovingTest.swift; sourceTree = "<group>"; };
		24402C0D200A654100C018B3 /* MealsViewController.swift */ = {isa = PBXFileReference; lastKnownFileType = sourcecode.swift; path = MealsViewController.swift; sourceTree = "<group>"; };
		244CF5701EFC022100CF35C9 /* SpyRepository.swift */ = {isa = PBXFileReference; fileEncoding = 4; lastKnownFileType = sourcecode.swift; path = SpyRepository.swift; sourceTree = "<group>"; };
		244CF5771EFC031A00CF35C9 /* Templates */ = {isa = PBXFileReference; lastKnownFileType = folder; path = Templates; sourceTree = "<group>"; };
		244CF5821EFC041F00CF35C9 /* AutoEquatable.generated.swift */ = {isa = PBXFileReference; fileEncoding = 4; lastKnownFileType = sourcecode.swift; name = AutoEquatable.generated.swift; path = CodeGenerated/AutoEquatable.generated.swift; sourceTree = "<group>"; };
		244CF5881EFC049800CF35C9 /* AutoEquatable.swift */ = {isa = PBXFileReference; fileEncoding = 4; lastKnownFileType = sourcecode.swift; name = AutoEquatable.swift; path = SlowEat/AutoEquatable.swift; sourceTree = "<group>"; };
		244CF5891EFC049800CF35C9 /* AutoHashable.swift */ = {isa = PBXFileReference; fileEncoding = 4; lastKnownFileType = sourcecode.swift; name = AutoHashable.swift; path = SlowEat/AutoHashable.swift; sourceTree = "<group>"; };
		244CF58C1EFC04A600CF35C9 /* DateProvider.swift */ = {isa = PBXFileReference; fileEncoding = 4; lastKnownFileType = sourcecode.swift; name = DateProvider.swift; path = SlowEat/DateProvider.swift; sourceTree = "<group>"; };
		244CF58D1EFC04A600CF35C9 /* Event.swift */ = {isa = PBXFileReference; fileEncoding = 4; lastKnownFileType = sourcecode.swift; name = Event.swift; path = SlowEat/Event.swift; sourceTree = "<group>"; };
		244CF58E1EFC04A600CF35C9 /* EventType.swift */ = {isa = PBXFileReference; fileEncoding = 4; lastKnownFileType = sourcecode.swift; name = EventType.swift; path = SlowEat/EventType.swift; sourceTree = "<group>"; };
		244CF58F1EFC04A600CF35C9 /* FoundationDateProvider.swift */ = {isa = PBXFileReference; fileEncoding = 4; lastKnownFileType = sourcecode.swift; name = FoundationDateProvider.swift; path = SlowEat/FoundationDateProvider.swift; sourceTree = "<group>"; };
		244CF5901EFC04A600CF35C9 /* FoundationTimeTracker.swift */ = {isa = PBXFileReference; fileEncoding = 4; lastKnownFileType = sourcecode.swift; name = FoundationTimeTracker.swift; path = SlowEat/FoundationTimeTracker.swift; sourceTree = "<group>"; };
		244CF5961EFC04BD00CF35C9 /* TimeFormatter.swift */ = {isa = PBXFileReference; fileEncoding = 4; lastKnownFileType = sourcecode.swift; name = TimeFormatter.swift; path = SlowEat/TimeFormatter.swift; sourceTree = "<group>"; };
		244CF5971EFC04BD00CF35C9 /* TimeTracker.swift */ = {isa = PBXFileReference; fileEncoding = 4; lastKnownFileType = sourcecode.swift; name = TimeTracker.swift; path = SlowEat/TimeTracker.swift; sourceTree = "<group>"; };
		244CF59A1EFC04C600CF35C9 /* Logger.swift */ = {isa = PBXFileReference; fileEncoding = 4; lastKnownFileType = sourcecode.swift; name = Logger.swift; path = SlowEat/Logger.swift; sourceTree = "<group>"; };
		244CF59B1EFC04C600CF35C9 /* Meal.swift */ = {isa = PBXFileReference; fileEncoding = 4; lastKnownFileType = sourcecode.swift; name = Meal.swift; path = SlowEat/Meal.swift; sourceTree = "<group>"; };
		244CF59C1EFC04C600CF35C9 /* MealLogger.swift */ = {isa = PBXFileReference; fileEncoding = 4; lastKnownFileType = sourcecode.swift; name = MealLogger.swift; path = SlowEat/MealLogger.swift; sourceTree = "<group>"; };
		244CF59D1EFC04C600CF35C9 /* MealPresenter.swift */ = {isa = PBXFileReference; fileEncoding = 4; lastKnownFileType = sourcecode.swift; name = MealPresenter.swift; path = SlowEat/MealPresenter.swift; sourceTree = "<group>"; };
		244CF59E1EFC04C600CF35C9 /* MealRepository.swift */ = {isa = PBXFileReference; fileEncoding = 4; lastKnownFileType = sourcecode.swift; name = MealRepository.swift; path = SlowEat/MealRepository.swift; sourceTree = "<group>"; };
		244CF59F1EFC04C600CF35C9 /* MealTracker.swift */ = {isa = PBXFileReference; fileEncoding = 4; lastKnownFileType = sourcecode.swift; name = MealTracker.swift; path = SlowEat/MealTracker.swift; sourceTree = "<group>"; };
		244CF5A01EFC04C600CF35C9 /* Tracker.swift */ = {isa = PBXFileReference; fileEncoding = 4; lastKnownFileType = sourcecode.swift; name = Tracker.swift; path = SlowEat/Tracker.swift; sourceTree = "<group>"; };
		2453AE081E979D700069C7C3 /* TimeTrackerTest.swift */ = {isa = PBXFileReference; fileEncoding = 4; lastKnownFileType = sourcecode.swift; path = TimeTrackerTest.swift; sourceTree = "<group>"; };
		2453AE101E97A2030069C7C3 /* SpyTimeTracker.swift */ = {isa = PBXFileReference; fileEncoding = 4; lastKnownFileType = sourcecode.swift; path = SpyTimeTracker.swift; sourceTree = "<group>"; };
		2455BB231E912AF20038C541 /* EndMealController.swift */ = {isa = PBXFileReference; fileEncoding = 4; lastKnownFileType = sourcecode.swift; path = EndMealController.swift; sourceTree = "<group>"; };
		2455BB251E912CEC0038C541 /* MealTrackerTest.swift */ = {isa = PBXFileReference; fileEncoding = 4; lastKnownFileType = sourcecode.swift; path = MealTrackerTest.swift; sourceTree = "<group>"; };
		2455BB2D1E9131950038C541 /* StaticDateProvider.swift */ = {isa = PBXFileReference; fileEncoding = 4; lastKnownFileType = sourcecode.swift; path = StaticDateProvider.swift; sourceTree = "<group>"; };
		249F605F1F05988F000914F2 /* MealGraphViewController.swift */ = {isa = PBXFileReference; fileEncoding = 4; lastKnownFileType = sourcecode.swift; path = MealGraphViewController.swift; sourceTree = "<group>"; };
		24A8A3D01FFCB496003203BB /* MealAnalyser.swift */ = {isa = PBXFileReference; lastKnownFileType = sourcecode.swift; path = MealAnalyser.swift; sourceTree = "<group>"; };
		24B571971DFC79B7009EA6D1 /* SlowEat WatchKit Extension.entitlements */ = {isa = PBXFileReference; lastKnownFileType = text.plist.entitlements; path = "SlowEat WatchKit Extension.entitlements"; sourceTree = "<group>"; };
		24B5719A1DFC7A0C009EA6D1 /* SlowEat.entitlements */ = {isa = PBXFileReference; lastKnownFileType = text.plist.entitlements; path = SlowEat.entitlements; sourceTree = "<group>"; };
		24B76B971FFF4BB50053466C /* GradedMeal.swift */ = {isa = PBXFileReference; lastKnownFileType = sourcecode.swift; path = GradedMeal.swift; sourceTree = "<group>"; };
		24B76B991FFF4BC90053466C /* Grade.swift */ = {isa = PBXFileReference; lastKnownFileType = sourcecode.swift; path = Grade.swift; sourceTree = "<group>"; };
		24B76B9B1FFF4BE00053466C /* MealGrader.swift */ = {isa = PBXFileReference; lastKnownFileType = sourcecode.swift; path = MealGrader.swift; sourceTree = "<group>"; };
		24B76BA01FFF59040053466C /* MealAnalyserTest.swift */ = {isa = PBXFileReference; lastKnownFileType = sourcecode.swift; path = MealAnalyserTest.swift; sourceTree = "<group>"; };
		24CB68431DF49EC2000009D1 /* SlowEat-Bridging-Header.h */ = {isa = PBXFileReference; lastKnownFileType = sourcecode.c.h; path = "SlowEat-Bridging-Header.h"; sourceTree = "<group>"; };
		24D36EB51E97922400B0B439 /* TimeFormatterTest.swift */ = {isa = PBXFileReference; fileEncoding = 4; lastKnownFileType = sourcecode.swift; path = TimeFormatterTest.swift; sourceTree = "<group>"; };
		24DE10311EFC06D900D4A599 /* CKMealRepository.swift */ = {isa = PBXFileReference; fileEncoding = 4; lastKnownFileType = sourcecode.swift; path = CKMealRepository.swift; sourceTree = "<group>"; };
		24EDD2381EB0F5A600724646 /* SpyTracker.swift */ = {isa = PBXFileReference; fileEncoding = 4; lastKnownFileType = sourcecode.swift; path = SpyTracker.swift; sourceTree = "<group>"; };
		24EDD23A1EB0F5C300724646 /* SpyLogger.swift */ = {isa = PBXFileReference; fileEncoding = 4; lastKnownFileType = sourcecode.swift; path = SpyLogger.swift; sourceTree = "<group>"; };
		24EEE3643D0E177D23AED438 /* Pods-SlowEatUITests.debug.xcconfig */ = {isa = PBXFileReference; includeInIndex = 1; lastKnownFileType = text.xcconfig; name = "Pods-SlowEatUITests.debug.xcconfig"; path = "Pods/Target Support Files/Pods-SlowEatUITests/Pods-SlowEatUITests.debug.xcconfig"; sourceTree = "<group>"; };
		24F2E9A61E0405750080ABD9 /* HealthKit.framework */ = {isa = PBXFileReference; lastKnownFileType = wrapper.framework; name = HealthKit.framework; path = Platforms/WatchOS.platform/Developer/SDKs/WatchOS3.1.sdk/System/Library/Frameworks/HealthKit.framework; sourceTree = DEVELOPER_DIR; };
		24F51B521EB0E62800DBC300 /* MealLoggerTest.swift */ = {isa = PBXFileReference; fileEncoding = 4; lastKnownFileType = sourcecode.swift; path = MealLoggerTest.swift; sourceTree = "<group>"; };
		24F51B5C1EB0ED9600DBC300 /* MealPresenterTest.swift */ = {isa = PBXFileReference; fileEncoding = 4; lastKnownFileType = sourcecode.swift; path = MealPresenterTest.swift; sourceTree = "<group>"; };
		4855399208A0B8CF17BFDBB6 /* TableViewCell.swift */ = {isa = PBXFileReference; fileEncoding = 4; lastKnownFileType = sourcecode.swift; path = TableViewCell.swift; sourceTree = "<group>"; };
		48553AE776F3E68CCAF923BF /* MealTableViewCell.swift */ = {isa = PBXFileReference; fileEncoding = 4; lastKnownFileType = sourcecode.swift; path = MealTableViewCell.swift; sourceTree = "<group>"; };
		9FB7C03E7D588A4172FF4CFA /* Pods-SlowEatTests.release.xcconfig */ = {isa = PBXFileReference; includeInIndex = 1; lastKnownFileType = text.xcconfig; name = "Pods-SlowEatTests.release.xcconfig"; path = "Pods/Target Support Files/Pods-SlowEatTests/Pods-SlowEatTests.release.xcconfig"; sourceTree = "<group>"; };
		AF3CCFCB51FFDBAD844D010D /* Pods-SlowEat.debug.xcconfig */ = {isa = PBXFileReference; includeInIndex = 1; lastKnownFileType = text.xcconfig; name = "Pods-SlowEat.debug.xcconfig"; path = "Pods/Target Support Files/Pods-SlowEat/Pods-SlowEat.debug.xcconfig"; sourceTree = "<group>"; };
		B31BFF4E8A24E791A1DF09F3 /* Pods_SlowEatTests.framework */ = {isa = PBXFileReference; explicitFileType = wrapper.framework; includeInIndex = 0; path = Pods_SlowEatTests.framework; sourceTree = BUILT_PRODUCTS_DIR; };
		E7E8904409864EB28B747A37 /* Pods_SlowEat.framework */ = {isa = PBXFileReference; explicitFileType = wrapper.framework; includeInIndex = 0; path = Pods_SlowEat.framework; sourceTree = BUILT_PRODUCTS_DIR; };
		EA4A57731D81F7ED006935A9 /* SlowEat.app */ = {isa = PBXFileReference; explicitFileType = wrapper.application; includeInIndex = 0; path = SlowEat.app; sourceTree = BUILT_PRODUCTS_DIR; };
		EA4A57761D81F7ED006935A9 /* AppDelegate.swift */ = {isa = PBXFileReference; lastKnownFileType = sourcecode.swift; path = AppDelegate.swift; sourceTree = "<group>"; };
		EA4A577D1D81F7ED006935A9 /* Assets.xcassets */ = {isa = PBXFileReference; lastKnownFileType = folder.assetcatalog; path = Assets.xcassets; sourceTree = "<group>"; };
		EA4A57801D81F7ED006935A9 /* Base */ = {isa = PBXFileReference; lastKnownFileType = file.storyboard; name = Base; path = Base.lproj/LaunchScreen.storyboard; sourceTree = "<group>"; };
		EA4A57821D81F7ED006935A9 /* Info.plist */ = {isa = PBXFileReference; lastKnownFileType = text.plist.xml; path = Info.plist; sourceTree = "<group>"; };
		EA4A57871D81F7ED006935A9 /* SlowEatTests.xctest */ = {isa = PBXFileReference; explicitFileType = wrapper.cfbundle; includeInIndex = 0; path = SlowEatTests.xctest; sourceTree = BUILT_PRODUCTS_DIR; };
		EA4A578D1D81F7ED006935A9 /* Info.plist */ = {isa = PBXFileReference; lastKnownFileType = text.plist.xml; path = Info.plist; sourceTree = "<group>"; };
		EA4A579B1D81F7ED006935A9 /* SlowEat.app */ = {isa = PBXFileReference; explicitFileType = wrapper.application; includeInIndex = 0; path = SlowEat.app; sourceTree = BUILT_PRODUCTS_DIR; };
		EA4A57A11D81F7ED006935A9 /* Base */ = {isa = PBXFileReference; lastKnownFileType = file.storyboard; name = Base; path = Base.lproj/Interface.storyboard; sourceTree = "<group>"; };
		EA4A57A31D81F7ED006935A9 /* Assets.xcassets */ = {isa = PBXFileReference; lastKnownFileType = folder.assetcatalog; path = Assets.xcassets; sourceTree = "<group>"; };
		EA4A57A51D81F7ED006935A9 /* Info.plist */ = {isa = PBXFileReference; lastKnownFileType = text.plist.xml; path = Info.plist; sourceTree = "<group>"; };
		EA4A57AA1D81F7ED006935A9 /* SlowEat WatchKit Extension.appex */ = {isa = PBXFileReference; explicitFileType = "wrapper.app-extension"; includeInIndex = 0; path = "SlowEat WatchKit Extension.appex"; sourceTree = BUILT_PRODUCTS_DIR; };
		EA4A57B11D81F7ED006935A9 /* MealController.swift */ = {isa = PBXFileReference; lastKnownFileType = sourcecode.swift; path = MealController.swift; sourceTree = "<group>"; };
		EA4A57B31D81F7ED006935A9 /* ExtensionDelegate.swift */ = {isa = PBXFileReference; lastKnownFileType = sourcecode.swift; path = ExtensionDelegate.swift; sourceTree = "<group>"; };
		EA4A57B51D81F7ED006935A9 /* NotificationController.swift */ = {isa = PBXFileReference; lastKnownFileType = sourcecode.swift; path = NotificationController.swift; sourceTree = "<group>"; };
		EA4A57B71D81F7ED006935A9 /* ComplicationController.swift */ = {isa = PBXFileReference; lastKnownFileType = sourcecode.swift; path = ComplicationController.swift; sourceTree = "<group>"; };
		EA4A57B91D81F7ED006935A9 /* Assets.xcassets */ = {isa = PBXFileReference; lastKnownFileType = folder.assetcatalog; path = Assets.xcassets; sourceTree = "<group>"; };
		EA4A57BB1D81F7ED006935A9 /* Info.plist */ = {isa = PBXFileReference; lastKnownFileType = text.plist.xml; path = Info.plist; sourceTree = "<group>"; };
		EA4A57DE1D81FFF0006935A9 /* MotionManager.swift */ = {isa = PBXFileReference; fileEncoding = 4; lastKnownFileType = sourcecode.swift; path = MotionManager.swift; sourceTree = "<group>"; };
		EA4A57E11D82002E006935A9 /* RunningBuffer.swift */ = {isa = PBXFileReference; fileEncoding = 4; lastKnownFileType = sourcecode.swift; path = RunningBuffer.swift; sourceTree = "<group>"; };
		EA4C9C56B9F96335C1E3C9F7 /* Pods-SlowEatTests.debug.xcconfig */ = {isa = PBXFileReference; includeInIndex = 1; lastKnownFileType = text.xcconfig; name = "Pods-SlowEatTests.debug.xcconfig"; path = "Pods/Target Support Files/Pods-SlowEatTests/Pods-SlowEatTests.debug.xcconfig"; sourceTree = "<group>"; };
		EA51A10F1DC2638300542924 /* InitialController.swift */ = {isa = PBXFileReference; fileEncoding = 4; lastKnownFileType = sourcecode.swift; path = InitialController.swift; sourceTree = "<group>"; };
		EA51A1131DC2643100542924 /* Motivation.swift */ = {isa = PBXFileReference; fileEncoding = 4; lastKnownFileType = sourcecode.swift; path = Motivation.swift; sourceTree = "<group>"; };
		EA8F48731DE9E14C00776EDC /* MovementDelegate.swift */ = {isa = PBXFileReference; fileEncoding = 4; lastKnownFileType = sourcecode.swift; path = MovementDelegate.swift; sourceTree = "<group>"; };
		EA8F487C1DE9EF7B00776EDC /* InstructionsViewController.swift */ = {isa = PBXFileReference; fileEncoding = 4; lastKnownFileType = sourcecode.swift; path = InstructionsViewController.swift; sourceTree = "<group>"; };
		EA8F48801DE9F40500776EDC /* TableCell.swift */ = {isa = PBXFileReference; fileEncoding = 4; lastKnownFileType = sourcecode.swift; path = TableCell.swift; sourceTree = "<group>"; };
		EA8F48811DE9F40500776EDC /* TableCell.xib */ = {isa = PBXFileReference; fileEncoding = 4; lastKnownFileType = file.xib; path = TableCell.xib; sourceTree = "<group>"; };
		EA8F48841DEA0A6500776EDC /* Storyboard.storyboard */ = {isa = PBXFileReference; fileEncoding = 4; lastKnownFileType = file.storyboard; path = Storyboard.storyboard; sourceTree = "<group>"; };
		EA8F48881DEA0C5B00776EDC /* TipsViewController.swift */ = {isa = PBXFileReference; fileEncoding = 4; lastKnownFileType = sourcecode.swift; path = TipsViewController.swift; sourceTree = "<group>"; };
/* End PBXFileReference section */

/* Begin PBXFrameworksBuildPhase section */
		A1FEC353C439EAB5D8715029 /* Frameworks */ = {
			isa = PBXFrameworksBuildPhase;
			buildActionMask = 2147483647;
			files = (
			);
			runOnlyForDeploymentPostprocessing = 0;
		};
		EA4A57701D81F7ED006935A9 /* Frameworks */ = {
			isa = PBXFrameworksBuildPhase;
			buildActionMask = 2147483647;
			files = (
				1AB49C8D51AF4540F381685E /* Pods_SlowEat.framework in Frameworks */,
				240013C51EF9B0AB00CCA87C /* CloudKit.framework in Frameworks */,
			);
			runOnlyForDeploymentPostprocessing = 0;
		};
		EA4A57841D81F7ED006935A9 /* Frameworks */ = {
			isa = PBXFrameworksBuildPhase;
			buildActionMask = 2147483647;
			files = (
				E209700C590A1ED6F9F3DB0C /* Pods_SlowEatTests.framework in Frameworks */,
			);
			runOnlyForDeploymentPostprocessing = 0;
		};
		EA4A57A71D81F7ED006935A9 /* Frameworks */ = {
			isa = PBXFrameworksBuildPhase;
			buildActionMask = 2147483647;
			files = (
				24F2E9A71E0405750080ABD9 /* HealthKit.framework in Frameworks */,
				240013C71EF9B0B700CCA87C /* CloudKit.framework in Frameworks */,
			);
			runOnlyForDeploymentPostprocessing = 0;
		};
/* End PBXFrameworksBuildPhase section */

/* Begin PBXGroup section */
		24402C0F200A654B00C018B3 /* Legacy */ = {
			isa = PBXGroup;
			children = (
				EA8F48841DEA0A6500776EDC /* Storyboard.storyboard */,
				249F605F1F05988F000914F2 /* MealGraphViewController.swift */,
				EA8F487C1DE9EF7B00776EDC /* InstructionsViewController.swift */,
				EA8F48881DEA0C5B00776EDC /* TipsViewController.swift */,
				241137731DF46D0C0085A6F9 /* SettingsViewController.swift */,
				EA8F48871DEA0B4300776EDC /* TableCell */,
			);
			name = Legacy;
			sourceTree = "<group>";
		};
		244CF57A1EFC035B00CF35C9 /* CodeGenerated */ = {
			isa = PBXGroup;
			children = (
				244CF5821EFC041F00CF35C9 /* AutoEquatable.generated.swift */,
			);
			name = CodeGenerated;
			sourceTree = "<group>";
		};
		244CF57B1EFC036600CF35C9 /* Sourcery */ = {
			isa = PBXGroup;
			children = (
				244CF5881EFC049800CF35C9 /* AutoEquatable.swift */,
				244CF5891EFC049800CF35C9 /* AutoHashable.swift */,
			);
			name = Sourcery;
			sourceTree = "<group>";
		};
		247C37631E8FD1860003F10C /* Supporting Files */ = {
			isa = PBXGroup;
			children = (
				24EDD2381EB0F5A600724646 /* SpyTracker.swift */,
				24EDD23A1EB0F5C300724646 /* SpyLogger.swift */,
				244CF5701EFC022100CF35C9 /* SpyRepository.swift */,
				2453AE101E97A2030069C7C3 /* SpyTimeTracker.swift */,
				2455BB2D1E9131950038C541 /* StaticDateProvider.swift */,
				EA4A578D1D81F7ED006935A9 /* Info.plist */,
			);
			name = "Supporting Files";
			sourceTree = "<group>";
		};
		24CB68421DF49E78000009D1 /* Common */ = {
			isa = PBXGroup;
			children = (
				244CF59A1EFC04C600CF35C9 /* Logger.swift */,
				244CF59B1EFC04C600CF35C9 /* Meal.swift */,
				24B76B971FFF4BB50053466C /* GradedMeal.swift */,
				24B76B991FFF4BC90053466C /* Grade.swift */,
				24B76B9B1FFF4BE00053466C /* MealGrader.swift */,
				244CF59C1EFC04C600CF35C9 /* MealLogger.swift */,
				244CF59D1EFC04C600CF35C9 /* MealPresenter.swift */,
				244CF59E1EFC04C600CF35C9 /* MealRepository.swift */,
				244CF59F1EFC04C600CF35C9 /* MealTracker.swift */,
				244CF5A01EFC04C600CF35C9 /* Tracker.swift */,
				244CF58D1EFC04A600CF35C9 /* Event.swift */,
				244CF58E1EFC04A600CF35C9 /* EventType.swift */,
				24F51B5A1EB0ED5C00DBC300 /* Time */,
				24DE10311EFC06D900D4A599 /* CKMealRepository.swift */,
				24A8A3D01FFCB496003203BB /* MealAnalyser.swift */,
				242507EC1FFE033A002FB11B /* FilterMoving.swift */,
			);
			name = Common;
			sourceTree = "<group>";
		};
		24F51B5A1EB0ED5C00DBC300 /* Time */ = {
			isa = PBXGroup;
			children = (
				244CF5961EFC04BD00CF35C9 /* TimeFormatter.swift */,
				244CF5971EFC04BD00CF35C9 /* TimeTracker.swift */,
				244CF58C1EFC04A600CF35C9 /* DateProvider.swift */,
				244CF58F1EFC04A600CF35C9 /* FoundationDateProvider.swift */,
				244CF5901EFC04A600CF35C9 /* FoundationTimeTracker.swift */,
			);
			name = Time;
			sourceTree = "<group>";
		};
		24F51B5B1EB0ED6600DBC300 /* Time */ = {
			isa = PBXGroup;
			children = (
				2453AE081E979D700069C7C3 /* TimeTrackerTest.swift */,
				24D36EB51E97922400B0B439 /* TimeFormatterTest.swift */,
			);
			name = Time;
			sourceTree = "<group>";
		};
		9083F2373A6B807ADF31AEFC /* Pods */ = {
			isa = PBXGroup;
			children = (
				AF3CCFCB51FFDBAD844D010D /* Pods-SlowEat.debug.xcconfig */,
				01482643ADCC2713AFB09B41 /* Pods-SlowEat.release.xcconfig */,
				EA4C9C56B9F96335C1E3C9F7 /* Pods-SlowEatTests.debug.xcconfig */,
				9FB7C03E7D588A4172FF4CFA /* Pods-SlowEatTests.release.xcconfig */,
				24EEE3643D0E177D23AED438 /* Pods-SlowEatUITests.debug.xcconfig */,
				118416861194FF20A95D40CA /* Pods-SlowEatUITests.release.xcconfig */,
			);
			name = Pods;
			sourceTree = "<group>";
		};
		EA4A576A1D81F7ED006935A9 = {
			isa = PBXGroup;
			children = (
				244CF57A1EFC035B00CF35C9 /* CodeGenerated */,
				244CF5771EFC031A00CF35C9 /* Templates */,
				244CF57B1EFC036600CF35C9 /* Sourcery */,
				24CB68421DF49E78000009D1 /* Common */,
				EA4A57751D81F7ED006935A9 /* SlowEat */,
				EA4A578A1D81F7ED006935A9 /* SlowEatTests */,
				EA4A579F1D81F7ED006935A9 /* SlowEat WatchKit App */,
				EA4A57AE1D81F7ED006935A9 /* SlowEat WatchKit Extension */,
				EA4A57741D81F7ED006935A9 /* Products */,
				EA51A10C1DC2613000542924 /* Frameworks */,
				9083F2373A6B807ADF31AEFC /* Pods */,
			);
			sourceTree = "<group>";
		};
		EA4A57741D81F7ED006935A9 /* Products */ = {
			isa = PBXGroup;
			children = (
				EA4A57731D81F7ED006935A9 /* SlowEat.app */,
				EA4A57871D81F7ED006935A9 /* SlowEatTests.xctest */,
				EA4A579B1D81F7ED006935A9 /* SlowEat.app */,
				EA4A57AA1D81F7ED006935A9 /* SlowEat WatchKit Extension.appex */,
			);
			name = Products;
			sourceTree = "<group>";
		};
		EA4A57751D81F7ED006935A9 /* SlowEat */ = {
			isa = PBXGroup;
			children = (
				24B5719A1DFC7A0C009EA6D1 /* SlowEat.entitlements */,
				EA4A57761D81F7ED006935A9 /* AppDelegate.swift */,
				24402C0D200A654100C018B3 /* MealsViewController.swift */,
				24402C0F200A654B00C018B3 /* Legacy */,
				EA8F48861DEA0B3800776EDC /* Supporting Files */,
				48553AE776F3E68CCAF923BF /* MealTableViewCell.swift */,
				4855399208A0B8CF17BFDBB6 /* TableViewCell.swift */,
			);
			path = SlowEat;
			sourceTree = "<group>";
		};
		EA4A578A1D81F7ED006935A9 /* SlowEatTests */ = {
			isa = PBXGroup;
			children = (
				24F51B5C1EB0ED9600DBC300 /* MealPresenterTest.swift */,
				2455BB251E912CEC0038C541 /* MealTrackerTest.swift */,
				24F51B521EB0E62800DBC300 /* MealLoggerTest.swift */,
				24309D9C1F06A0B700E32E6C /* FilterMovingTest.swift */,
				242507EF1FFE03FD002FB11B /* MealGraderTest.swift */,
				24B76BA01FFF59040053466C /* MealAnalyserTest.swift */,
				24F51B5B1EB0ED6600DBC300 /* Time */,
				247C37631E8FD1860003F10C /* Supporting Files */,
			);
			path = SlowEatTests;
			sourceTree = "<group>";
		};
		EA4A579F1D81F7ED006935A9 /* SlowEat WatchKit App */ = {
			isa = PBXGroup;
			children = (
				EA4A57A01D81F7ED006935A9 /* Interface.storyboard */,
				EA4A57DB1D81FF15006935A9 /* Supporting Files */,
			);
			path = "SlowEat WatchKit App";
			sourceTree = "<group>";
		};
		EA4A57AE1D81F7ED006935A9 /* SlowEat WatchKit Extension */ = {
			isa = PBXGroup;
			children = (
				24B571971DFC79B7009EA6D1 /* SlowEat WatchKit Extension.entitlements */,
				EA51A10F1DC2638300542924 /* InitialController.swift */,
				EA4A57B11D81F7ED006935A9 /* MealController.swift */,
				2455BB231E912AF20038C541 /* EndMealController.swift */,
				EA4A57E31D820CC1006935A9 /* Motion */,
				EA4A57AF1D81F7ED006935A9 /* Supporting Files */,
				EA51A1131DC2643100542924 /* Motivation.swift */,
			);
			path = "SlowEat WatchKit Extension";
			sourceTree = "<group>";
		};
		EA4A57AF1D81F7ED006935A9 /* Supporting Files */ = {
			isa = PBXGroup;
			children = (
				EA4A57B31D81F7ED006935A9 /* ExtensionDelegate.swift */,
				EA4A57B51D81F7ED006935A9 /* NotificationController.swift */,
				EA4A57B71D81F7ED006935A9 /* ComplicationController.swift */,
				EA4A57B91D81F7ED006935A9 /* Assets.xcassets */,
				EA4A57BB1D81F7ED006935A9 /* Info.plist */,
			);
			name = "Supporting Files";
			sourceTree = "<group>";
		};
		EA4A57DB1D81FF15006935A9 /* Supporting Files */ = {
			isa = PBXGroup;
			children = (
				EA4A57A31D81F7ED006935A9 /* Assets.xcassets */,
				EA4A57A51D81F7ED006935A9 /* Info.plist */,
			);
			name = "Supporting Files";
			sourceTree = "<group>";
		};
		EA4A57E31D820CC1006935A9 /* Motion */ = {
			isa = PBXGroup;
			children = (
				EA4A57DE1D81FFF0006935A9 /* MotionManager.swift */,
				EA4A57E11D82002E006935A9 /* RunningBuffer.swift */,
				EA8F48731DE9E14C00776EDC /* MovementDelegate.swift */,
			);
			name = Motion;
			sourceTree = "<group>";
		};
		EA51A10C1DC2613000542924 /* Frameworks */ = {
			isa = PBXGroup;
			children = (
				240013C61EF9B0B700CCA87C /* CloudKit.framework */,
				240013C41EF9B0AB00CCA87C /* CloudKit.framework */,
				24F2E9A61E0405750080ABD9 /* HealthKit.framework */,
				E7E8904409864EB28B747A37 /* Pods_SlowEat.framework */,
				B31BFF4E8A24E791A1DF09F3 /* Pods_SlowEatTests.framework */,
			);
			name = Frameworks;
			sourceTree = "<group>";
		};
		EA8F48861DEA0B3800776EDC /* Supporting Files */ = {
			isa = PBXGroup;
			children = (
				EA4A577D1D81F7ED006935A9 /* Assets.xcassets */,
				EA4A577F1D81F7ED006935A9 /* LaunchScreen.storyboard */,
				EA4A57821D81F7ED006935A9 /* Info.plist */,
				24CB68431DF49EC2000009D1 /* SlowEat-Bridging-Header.h */,
			);
			name = "Supporting Files";
			sourceTree = "<group>";
		};
		EA8F48871DEA0B4300776EDC /* TableCell */ = {
			isa = PBXGroup;
			children = (
				EA8F48801DE9F40500776EDC /* TableCell.swift */,
				EA8F48811DE9F40500776EDC /* TableCell.xib */,
			);
			name = TableCell;
			sourceTree = "<group>";
		};
/* End PBXGroup section */

/* Begin PBXNativeTarget section */
		EA4A57721D81F7ED006935A9 /* SlowEat */ = {
			isa = PBXNativeTarget;
			buildConfigurationList = EA4A57C61D81F7ED006935A9 /* Build configuration list for PBXNativeTarget "SlowEat" */;
			buildPhases = (
				481F3CE8F537E103995E87BB /* [CP] Check Pods Manifest.lock */,
				EA4A576F1D81F7ED006935A9 /* Sources */,
				EA4A57701D81F7ED006935A9 /* Frameworks */,
				EA4A57711D81F7ED006935A9 /* Resources */,
				EA4A57C51D81F7ED006935A9 /* Embed Watch Content */,
				F7472063E0509FB52438ECBD /* [CP] Embed Pods Frameworks */,
				5F183444A2B6713A9A5EE647 /* [CP] Copy Pods Resources */,
				244CF5761EFC030300CF35C9 /* sourcery */,
				24C65FC02000BEF300550D7F /* swiftformat */,
				24C65FBF2000BEB800550D7F /* swiftlint autocorrect */,
				24C65FBE2000BAB100550D7F /* swiftlint */,
			);
			buildRules = (
			);
			dependencies = (
				EA4A579E1D81F7ED006935A9 /* PBXTargetDependency */,
			);
			name = SlowEat;
			productName = SlowEat;
			productReference = EA4A57731D81F7ED006935A9 /* SlowEat.app */;
			productType = "com.apple.product-type.application";
		};
		EA4A57861D81F7ED006935A9 /* SlowEatTests */ = {
			isa = PBXNativeTarget;
			buildConfigurationList = EA4A57C91D81F7ED006935A9 /* Build configuration list for PBXNativeTarget "SlowEatTests" */;
			buildPhases = (
				8000CB288BAD1C71DA75CEC9 /* [CP] Check Pods Manifest.lock */,
				EA4A57831D81F7ED006935A9 /* Sources */,
				EA4A57841D81F7ED006935A9 /* Frameworks */,
				EA4A57851D81F7ED006935A9 /* Resources */,
				E1652D566F417614FFF41B80 /* [CP] Embed Pods Frameworks */,
				FA15553E97ED982F4F1A34E6 /* [CP] Copy Pods Resources */,
			);
			buildRules = (
			);
			dependencies = (
				EA4A57891D81F7ED006935A9 /* PBXTargetDependency */,
			);
			name = SlowEatTests;
			productName = SlowEatTests;
			productReference = EA4A57871D81F7ED006935A9 /* SlowEatTests.xctest */;
			productType = "com.apple.product-type.bundle.unit-test";
		};
		EA4A579A1D81F7ED006935A9 /* SlowEat WatchKit App */ = {
			isa = PBXNativeTarget;
			buildConfigurationList = EA4A57C21D81F7ED006935A9 /* Build configuration list for PBXNativeTarget "SlowEat WatchKit App" */;
			buildPhases = (
				EA4A57991D81F7ED006935A9 /* Resources */,
				EA4A57C11D81F7ED006935A9 /* Embed App Extensions */,
				A1FEC353C439EAB5D8715029 /* Frameworks */,
			);
			buildRules = (
			);
			dependencies = (
				EA4A57AD1D81F7ED006935A9 /* PBXTargetDependency */,
			);
			name = "SlowEat WatchKit App";
			productName = "SlowEat WatchKit App";
			productReference = EA4A579B1D81F7ED006935A9 /* SlowEat.app */;
			productType = "com.apple.product-type.application.watchapp2";
		};
		EA4A57A91D81F7ED006935A9 /* SlowEat WatchKit Extension */ = {
			isa = PBXNativeTarget;
			buildConfigurationList = EA4A57BE1D81F7ED006935A9 /* Build configuration list for PBXNativeTarget "SlowEat WatchKit Extension" */;
			buildPhases = (
				EA4A57A61D81F7ED006935A9 /* Sources */,
				EA4A57A71D81F7ED006935A9 /* Frameworks */,
				EA4A57A81D81F7ED006935A9 /* Resources */,
			);
			buildRules = (
			);
			dependencies = (
			);
			name = "SlowEat WatchKit Extension";
			productName = "SlowEat WatchKit Extension";
			productReference = EA4A57AA1D81F7ED006935A9 /* SlowEat WatchKit Extension.appex */;
			productType = "com.apple.product-type.watchkit2-extension";
		};
/* End PBXNativeTarget section */

/* Begin PBXProject section */
		EA4A576B1D81F7ED006935A9 /* Project object */ = {
			isa = PBXProject;
			attributes = {
				LastSwiftUpdateCheck = 0800;
				LastUpgradeCheck = 0920;
				ORGANIZATIONNAME = tm;
				TargetAttributes = {
					EA4A57721D81F7ED006935A9 = {
						CreatedOnToolsVersion = 8.0;
						DevelopmentTeam = 4C34FT6ABU;
						LastSwiftMigration = 0920;
						ProvisioningStyle = Automatic;
						SystemCapabilities = {
							com.apple.BackgroundModes = {
								enabled = 0;
							};
							com.apple.HealthKit = {
								enabled = 0;
							};
							com.apple.Push = {
								enabled = 1;
							};
							com.apple.iCloud = {
								enabled = 1;
							};
						};
					};
					EA4A57861D81F7ED006935A9 = {
						CreatedOnToolsVersion = 8.0;
						DevelopmentTeam = 4C34FT6ABU;
						LastSwiftMigration = 0920;
						ProvisioningStyle = Automatic;
						TestTargetID = EA4A57721D81F7ED006935A9;
					};
					EA4A579A1D81F7ED006935A9 = {
						CreatedOnToolsVersion = 8.0;
						DevelopmentTeam = 4C34FT6ABU;
						LastSwiftMigration = 0920;
						ProvisioningStyle = Automatic;
						SystemCapabilities = {
							com.apple.BackgroundModes.watchos.app = {
								enabled = 0;
							};
						};
					};
					EA4A57A91D81F7ED006935A9 = {
						CreatedOnToolsVersion = 8.0;
						DevelopmentTeam = 4C34FT6ABU;
						LastSwiftMigration = 0920;
						ProvisioningStyle = Automatic;
						SystemCapabilities = {
							com.apple.BackgroundModes.watchos.extension = {
								enabled = 1;
							};
							com.apple.HealthKit.watchos = {
								enabled = 1;
							};
							com.apple.Push = {
								enabled = 1;
							};
							com.apple.iCloud = {
								enabled = 1;
							};
						};
					};
				};
			};
			buildConfigurationList = EA4A576E1D81F7ED006935A9 /* Build configuration list for PBXProject "SlowEat" */;
			compatibilityVersion = "Xcode 3.2";
			developmentRegion = English;
			hasScannedForEncodings = 0;
			knownRegions = (
				en,
				Base,
			);
			mainGroup = EA4A576A1D81F7ED006935A9;
			productRefGroup = EA4A57741D81F7ED006935A9 /* Products */;
			projectDirPath = "";
			projectRoot = "";
			targets = (
				EA4A57721D81F7ED006935A9 /* SlowEat */,
				EA4A57861D81F7ED006935A9 /* SlowEatTests */,
				EA4A579A1D81F7ED006935A9 /* SlowEat WatchKit App */,
				EA4A57A91D81F7ED006935A9 /* SlowEat WatchKit Extension */,
			);
		};
/* End PBXProject section */

/* Begin PBXResourcesBuildPhase section */
		EA4A57711D81F7ED006935A9 /* Resources */ = {
			isa = PBXResourcesBuildPhase;
			buildActionMask = 2147483647;
			files = (
				EA4A57811D81F7ED006935A9 /* LaunchScreen.storyboard in Resources */,
				244CF5781EFC031A00CF35C9 /* Templates in Resources */,
				EA4A577E1D81F7ED006935A9 /* Assets.xcassets in Resources */,
			);
			runOnlyForDeploymentPostprocessing = 0;
		};
		EA4A57851D81F7ED006935A9 /* Resources */ = {
			isa = PBXResourcesBuildPhase;
			buildActionMask = 2147483647;
			files = (
			);
			runOnlyForDeploymentPostprocessing = 0;
		};
		EA4A57991D81F7ED006935A9 /* Resources */ = {
			isa = PBXResourcesBuildPhase;
			buildActionMask = 2147483647;
			files = (
				EA4A57A41D81F7ED006935A9 /* Assets.xcassets in Resources */,
				EA4A57A21D81F7ED006935A9 /* Interface.storyboard in Resources */,
			);
			runOnlyForDeploymentPostprocessing = 0;
		};
		EA4A57A81D81F7ED006935A9 /* Resources */ = {
			isa = PBXResourcesBuildPhase;
			buildActionMask = 2147483647;
			files = (
				244CF5791EFC031A00CF35C9 /* Templates in Resources */,
				EA4A57BA1D81F7ED006935A9 /* Assets.xcassets in Resources */,
			);
			runOnlyForDeploymentPostprocessing = 0;
		};
/* End PBXResourcesBuildPhase section */

/* Begin PBXShellScriptBuildPhase section */
		244CF5761EFC030300CF35C9 /* sourcery */ = {
			isa = PBXShellScriptBuildPhase;
			buildActionMask = 2147483647;
			files = (
			);
			inputPaths = (
			);
			name = sourcery;
			outputPaths = (
			);
			runOnlyForDeploymentPostprocessing = 0;
			shellPath = /bin/sh;
			shellScript = "${PODS_ROOT}/Sourcery/bin/sourcery --sources \"${SRCROOT}/SlowEat\" --templates \"${SRCROOT}/Templates\" --output \"${SRCROOT}/CodeGenerated\"";
		};
		24C65FBE2000BAB100550D7F /* swiftlint */ = {
			isa = PBXShellScriptBuildPhase;
			buildActionMask = 2147483647;
			files = (
			);
			inputPaths = (
			);
			name = swiftlint;
			outputPaths = (
			);
			runOnlyForDeploymentPostprocessing = 0;
			shellPath = /bin/sh;
			shellScript = "if which swiftlint >/dev/null; then\nswiftlint\nelse\necho \"warning: SwiftLint not installed, download from https://github.com/realm/SwiftLint\"\nfi";
		};
		24C65FBF2000BEB800550D7F /* swiftlint autocorrect */ = {
			isa = PBXShellScriptBuildPhase;
			buildActionMask = 2147483647;
			files = (
			);
			inputPaths = (
			);
			name = "swiftlint autocorrect";
			outputPaths = (
			);
			runOnlyForDeploymentPostprocessing = 0;
			shellPath = /bin/sh;
			shellScript = "if which swiftlint >/dev/null; then\nswiftlint autocorrect\nelse\necho \"warning: SwiftLint not installed, download from https://github.com/realm/SwiftLint\"\nfi";
		};
		24C65FC02000BEF300550D7F /* swiftformat */ = {
			isa = PBXShellScriptBuildPhase;
			buildActionMask = 2147483647;
			files = (
			);
			inputPaths = (
			);
			name = swiftformat;
			outputPaths = (
			);
			runOnlyForDeploymentPostprocessing = 0;
			shellPath = /bin/sh;
			shellScript = "if which swiftformat >/dev/null; then\nswiftformat .\nelse\necho \"warning: swiftformat not installed\"\nfi";
		};
		481F3CE8F537E103995E87BB /* [CP] Check Pods Manifest.lock */ = {
			isa = PBXShellScriptBuildPhase;
			buildActionMask = 2147483647;
			files = (
			);
			inputPaths = (
				"${PODS_PODFILE_DIR_PATH}/Podfile.lock",
				"${PODS_ROOT}/Manifest.lock",
			);
			name = "[CP] Check Pods Manifest.lock";
			outputPaths = (
				"$(DERIVED_FILE_DIR)/Pods-SlowEat-checkManifestLockResult.txt",
			);
			runOnlyForDeploymentPostprocessing = 0;
			shellPath = /bin/sh;
			shellScript = "diff \"${PODS_PODFILE_DIR_PATH}/Podfile.lock\" \"${PODS_ROOT}/Manifest.lock\" > /dev/null\nif [ $? != 0 ] ; then\n    # print error to STDERR\n    echo \"error: The sandbox is not in sync with the Podfile.lock. Run 'pod install' or update your CocoaPods installation.\" >&2\n    exit 1\nfi\n# This output is used by Xcode 'outputs' to avoid re-running this script phase.\necho \"SUCCESS\" > \"${SCRIPT_OUTPUT_FILE_0}\"\n";
			showEnvVarsInLog = 0;
		};
		5F183444A2B6713A9A5EE647 /* [CP] Copy Pods Resources */ = {
			isa = PBXShellScriptBuildPhase;
			buildActionMask = 2147483647;
			files = (
			);
			inputPaths = (
			);
			name = "[CP] Copy Pods Resources";
			outputPaths = (
			);
			runOnlyForDeploymentPostprocessing = 0;
			shellPath = /bin/sh;
			shellScript = "\"${SRCROOT}/Pods/Target Support Files/Pods-SlowEat/Pods-SlowEat-resources.sh\"\n";
			showEnvVarsInLog = 0;
		};
		8000CB288BAD1C71DA75CEC9 /* [CP] Check Pods Manifest.lock */ = {
			isa = PBXShellScriptBuildPhase;
			buildActionMask = 2147483647;
			files = (
			);
			inputPaths = (
				"${PODS_PODFILE_DIR_PATH}/Podfile.lock",
				"${PODS_ROOT}/Manifest.lock",
			);
			name = "[CP] Check Pods Manifest.lock";
			outputPaths = (
				"$(DERIVED_FILE_DIR)/Pods-SlowEatTests-checkManifestLockResult.txt",
			);
			runOnlyForDeploymentPostprocessing = 0;
			shellPath = /bin/sh;
			shellScript = "diff \"${PODS_PODFILE_DIR_PATH}/Podfile.lock\" \"${PODS_ROOT}/Manifest.lock\" > /dev/null\nif [ $? != 0 ] ; then\n    # print error to STDERR\n    echo \"error: The sandbox is not in sync with the Podfile.lock. Run 'pod install' or update your CocoaPods installation.\" >&2\n    exit 1\nfi\n# This output is used by Xcode 'outputs' to avoid re-running this script phase.\necho \"SUCCESS\" > \"${SCRIPT_OUTPUT_FILE_0}\"\n";
			showEnvVarsInLog = 0;
		};
		E1652D566F417614FFF41B80 /* [CP] Embed Pods Frameworks */ = {
			isa = PBXShellScriptBuildPhase;
			buildActionMask = 2147483647;
			files = (
			);
			inputPaths = (
				"${SRCROOT}/Pods/Target Support Files/Pods-SlowEatTests/Pods-SlowEatTests-frameworks.sh",
				"${PODS_ROOT}/Instabug/Instabug.framework",
				"${PODS_ROOT}/Instabug/Instabug.framework.dSYM",
				"${PODS_ROOT}/Instabug/InstabugCore.framework",
				"${PODS_ROOT}/Instabug/InstabugCore.framework.dSYM",
				"${BUILT_PRODUCTS_DIR}/Mixpanel/Mixpanel.framework",
				"${BUILT_PRODUCTS_DIR}/SnapKit/SnapKit.framework",
			);
			name = "[CP] Embed Pods Frameworks";
			outputPaths = (
				"${TARGET_BUILD_DIR}/${FRAMEWORKS_FOLDER_PATH}/Instabug.framework",
				"${DWARF_DSYM_FOLDER_PATH}/Instabug.framework.dSYM",
				"${TARGET_BUILD_DIR}/${FRAMEWORKS_FOLDER_PATH}/InstabugCore.framework",
				"${DWARF_DSYM_FOLDER_PATH}/InstabugCore.framework.dSYM",
				"${TARGET_BUILD_DIR}/${FRAMEWORKS_FOLDER_PATH}/Mixpanel.framework",
				"${TARGET_BUILD_DIR}/${FRAMEWORKS_FOLDER_PATH}/SnapKit.framework",
			);
			runOnlyForDeploymentPostprocessing = 0;
			shellPath = /bin/sh;
			shellScript = "\"${SRCROOT}/Pods/Target Support Files/Pods-SlowEatTests/Pods-SlowEatTests-frameworks.sh\"\n";
			showEnvVarsInLog = 0;
		};
		F7472063E0509FB52438ECBD /* [CP] Embed Pods Frameworks */ = {
			isa = PBXShellScriptBuildPhase;
			buildActionMask = 2147483647;
			files = (
			);
			inputPaths = (
				"${SRCROOT}/Pods/Target Support Files/Pods-SlowEat/Pods-SlowEat-frameworks.sh",
				"${PODS_ROOT}/Instabug/Instabug.framework",
				"${PODS_ROOT}/Instabug/Instabug.framework.dSYM",
				"${PODS_ROOT}/Instabug/InstabugCore.framework",
				"${PODS_ROOT}/Instabug/InstabugCore.framework.dSYM",
				"${BUILT_PRODUCTS_DIR}/Mixpanel/Mixpanel.framework",
				"${BUILT_PRODUCTS_DIR}/SnapKit/SnapKit.framework",
			);
			name = "[CP] Embed Pods Frameworks";
			outputPaths = (
				"${TARGET_BUILD_DIR}/${FRAMEWORKS_FOLDER_PATH}/Instabug.framework",
				"${DWARF_DSYM_FOLDER_PATH}/Instabug.framework.dSYM",
				"${TARGET_BUILD_DIR}/${FRAMEWORKS_FOLDER_PATH}/InstabugCore.framework",
				"${DWARF_DSYM_FOLDER_PATH}/InstabugCore.framework.dSYM",
				"${TARGET_BUILD_DIR}/${FRAMEWORKS_FOLDER_PATH}/Mixpanel.framework",
				"${TARGET_BUILD_DIR}/${FRAMEWORKS_FOLDER_PATH}/SnapKit.framework",
			);
			runOnlyForDeploymentPostprocessing = 0;
			shellPath = /bin/sh;
			shellScript = "\"${SRCROOT}/Pods/Target Support Files/Pods-SlowEat/Pods-SlowEat-frameworks.sh\"\n";
			showEnvVarsInLog = 0;
		};
		FA15553E97ED982F4F1A34E6 /* [CP] Copy Pods Resources */ = {
			isa = PBXShellScriptBuildPhase;
			buildActionMask = 2147483647;
			files = (
			);
			inputPaths = (
			);
			name = "[CP] Copy Pods Resources";
			outputPaths = (
			);
			runOnlyForDeploymentPostprocessing = 0;
			shellPath = /bin/sh;
			shellScript = "\"${SRCROOT}/Pods/Target Support Files/Pods-SlowEatTests/Pods-SlowEatTests-resources.sh\"\n";
			showEnvVarsInLog = 0;
		};
/* End PBXShellScriptBuildPhase section */

/* Begin PBXSourcesBuildPhase section */
		EA4A576F1D81F7ED006935A9 /* Sources */ = {
			isa = PBXSourcesBuildPhase;
			buildActionMask = 2147483647;
			files = (
				244CF5841EFC042000CF35C9 /* AutoEquatable.generated.swift in Sources */,
				24B76B9C1FFF4BE00053466C /* MealGrader.swift in Sources */,
				24B76B981FFF4BB50053466C /* GradedMeal.swift in Sources */,
				244CF5981EFC04BD00CF35C9 /* TimeFormatter.swift in Sources */,
				244CF58A1EFC049800CF35C9 /* AutoEquatable.swift in Sources */,
				244CF5A21EFC04C600CF35C9 /* Meal.swift in Sources */,
				244CF5951EFC04A600CF35C9 /* FoundationTimeTracker.swift in Sources */,
				24402C0E200A654100C018B3 /* MealsViewController.swift in Sources */,
				244CF5931EFC04A600CF35C9 /* EventType.swift in Sources */,
				24DE10321EFC06D900D4A599 /* CKMealRepository.swift in Sources */,
				244CF5941EFC04A600CF35C9 /* FoundationDateProvider.swift in Sources */,
				24B76B9A1FFF4BC90053466C /* Grade.swift in Sources */,
				244CF5A31EFC04C600CF35C9 /* MealLogger.swift in Sources */,
				244CF5A11EFC04C600CF35C9 /* Logger.swift in Sources */,
				24A8A3D11FFCB496003203BB /* MealAnalyser.swift in Sources */,
				244CF5991EFC04BD00CF35C9 /* TimeTracker.swift in Sources */,
				244CF5A71EFC04C600CF35C9 /* Tracker.swift in Sources */,
				EA4A57771D81F7ED006935A9 /* AppDelegate.swift in Sources */,
				244CF5A41EFC04C600CF35C9 /* MealPresenter.swift in Sources */,
				244CF58B1EFC049800CF35C9 /* AutoHashable.swift in Sources */,
				242507ED1FFE033A002FB11B /* FilterMoving.swift in Sources */,
				244CF5A61EFC04C600CF35C9 /* MealTracker.swift in Sources */,
				244CF5911EFC04A600CF35C9 /* DateProvider.swift in Sources */,
				244CF5A51EFC04C600CF35C9 /* MealRepository.swift in Sources */,
				244CF5921EFC04A600CF35C9 /* Event.swift in Sources */,
				485537BCC4EE796ACE12AB9F /* MealTableViewCell.swift in Sources */,
				48553E85D843AB347250F070 /* TableViewCell.swift in Sources */,
			);
			runOnlyForDeploymentPostprocessing = 0;
		};
		EA4A57831D81F7ED006935A9 /* Sources */ = {
			isa = PBXSourcesBuildPhase;
			buildActionMask = 2147483647;
			files = (
				2455BB2E1E9131950038C541 /* StaticDateProvider.swift in Sources */,
				24F51B5D1EB0ED9600DBC300 /* MealPresenterTest.swift in Sources */,
				24D36EB61E97922400B0B439 /* TimeFormatterTest.swift in Sources */,
				24B76BA11FFF59040053466C /* MealAnalyserTest.swift in Sources */,
				242507F01FFE03FD002FB11B /* MealGraderTest.swift in Sources */,
				24EDD2391EB0F5A600724646 /* SpyTracker.swift in Sources */,
				24EDD23B1EB0F5C300724646 /* SpyLogger.swift in Sources */,
				24F51B531EB0E62800DBC300 /* MealLoggerTest.swift in Sources */,
				2455BB261E912CEC0038C541 /* MealTrackerTest.swift in Sources */,
				2453AE091E979D700069C7C3 /* TimeTrackerTest.swift in Sources */,
				244CF5711EFC022100CF35C9 /* SpyRepository.swift in Sources */,
				24309D9D1F06A0B700E32E6C /* FilterMovingTest.swift in Sources */,
				2453AE111E97A2030069C7C3 /* SpyTimeTracker.swift in Sources */,
			);
			runOnlyForDeploymentPostprocessing = 0;
		};
		EA4A57A61D81F7ED006935A9 /* Sources */ = {
			isa = PBXSourcesBuildPhase;
			buildActionMask = 2147483647;
			files = (
				244CF5B51EFC04E100CF35C9 /* FoundationTimeTracker.swift in Sources */,
				EA4A57B61D81F7ED006935A9 /* NotificationController.swift in Sources */,
				244CF5AA1EFC04DB00CF35C9 /* MealLogger.swift in Sources */,
				244CF5AE1EFC04DB00CF35C9 /* Tracker.swift in Sources */,
				EA4A57E21D82002E006935A9 /* RunningBuffer.swift in Sources */,
				244CF5AF1EFC04DB00CF35C9 /* Event.swift in Sources */,
				244CF5B71EFC04E600CF35C9 /* AutoHashable.swift in Sources */,
				244CF5AD1EFC04DB00CF35C9 /* MealTracker.swift in Sources */,
				24B76B9E1FFF4BF30053466C /* Grade.swift in Sources */,
				244CF5A91EFC04DB00CF35C9 /* Meal.swift in Sources */,
				24DE10331EFC06D900D4A599 /* CKMealRepository.swift in Sources */,
				244CF5B01EFC04DB00CF35C9 /* EventType.swift in Sources */,
				EA51A1141DC2643100542924 /* Motivation.swift in Sources */,
				244CF5AB1EFC04DB00CF35C9 /* MealPresenter.swift in Sources */,
				24A8A3D21FFCB49E003203BB /* MealAnalyser.swift in Sources */,
				244CF5B41EFC04E100CF35C9 /* FoundationDateProvider.swift in Sources */,
				EA8F48741DE9E14C00776EDC /* MovementDelegate.swift in Sources */,
				24B76B9F1FFF4BF30053466C /* MealGrader.swift in Sources */,
				EA4A57B81D81F7ED006935A9 /* ComplicationController.swift in Sources */,
				24B76B9D1FFF4BF30053466C /* GradedMeal.swift in Sources */,
				EA51A1101DC2638300542924 /* InitialController.swift in Sources */,
				244CF5B61EFC04E600CF35C9 /* AutoEquatable.swift in Sources */,
				EA4A57E01D81FFF0006935A9 /* MotionManager.swift in Sources */,
				EA4A57B41D81F7ED006935A9 /* ExtensionDelegate.swift in Sources */,
				244CF5A81EFC04DB00CF35C9 /* Logger.swift in Sources */,
				244CF5B11EFC04E100CF35C9 /* TimeFormatter.swift in Sources */,
				244CF5AC1EFC04DB00CF35C9 /* MealRepository.swift in Sources */,
				EA4A57B21D81F7ED006935A9 /* MealController.swift in Sources */,
				244CF5871EFC044A00CF35C9 /* AutoEquatable.generated.swift in Sources */,
				2455BB241E912AF20038C541 /* EndMealController.swift in Sources */,
				242507EE1FFE03BD002FB11B /* FilterMoving.swift in Sources */,
				244CF5B31EFC04E100CF35C9 /* DateProvider.swift in Sources */,
				244CF5B21EFC04E100CF35C9 /* TimeTracker.swift in Sources */,
			);
			runOnlyForDeploymentPostprocessing = 0;
		};
/* End PBXSourcesBuildPhase section */

/* Begin PBXTargetDependency section */
		EA4A57891D81F7ED006935A9 /* PBXTargetDependency */ = {
			isa = PBXTargetDependency;
			target = EA4A57721D81F7ED006935A9 /* SlowEat */;
			targetProxy = EA4A57881D81F7ED006935A9 /* PBXContainerItemProxy */;
		};
		EA4A579E1D81F7ED006935A9 /* PBXTargetDependency */ = {
			isa = PBXTargetDependency;
			target = EA4A579A1D81F7ED006935A9 /* SlowEat WatchKit App */;
			targetProxy = EA4A579D1D81F7ED006935A9 /* PBXContainerItemProxy */;
		};
		EA4A57AD1D81F7ED006935A9 /* PBXTargetDependency */ = {
			isa = PBXTargetDependency;
			target = EA4A57A91D81F7ED006935A9 /* SlowEat WatchKit Extension */;
			targetProxy = EA4A57AC1D81F7ED006935A9 /* PBXContainerItemProxy */;
		};
/* End PBXTargetDependency section */

/* Begin PBXVariantGroup section */
		EA4A577F1D81F7ED006935A9 /* LaunchScreen.storyboard */ = {
			isa = PBXVariantGroup;
			children = (
				EA4A57801D81F7ED006935A9 /* Base */,
			);
			name = LaunchScreen.storyboard;
			sourceTree = "<group>";
		};
		EA4A57A01D81F7ED006935A9 /* Interface.storyboard */ = {
			isa = PBXVariantGroup;
			children = (
				EA4A57A11D81F7ED006935A9 /* Base */,
			);
			name = Interface.storyboard;
			sourceTree = "<group>";
		};
/* End PBXVariantGroup section */

/* Begin XCBuildConfiguration section */
		EA4A57BC1D81F7ED006935A9 /* Debug */ = {
			isa = XCBuildConfiguration;
			buildSettings = {
				ALWAYS_SEARCH_USER_PATHS = NO;
				CLANG_ANALYZER_NONNULL = YES;
				CLANG_CXX_LANGUAGE_STANDARD = "gnu++0x";
				CLANG_CXX_LIBRARY = "libc++";
				CLANG_ENABLE_MODULES = YES;
				CLANG_ENABLE_OBJC_ARC = YES;
				CLANG_WARN_BLOCK_CAPTURE_AUTORELEASING = YES;
				CLANG_WARN_BOOL_CONVERSION = YES;
				CLANG_WARN_COMMA = YES;
				CLANG_WARN_CONSTANT_CONVERSION = YES;
				CLANG_WARN_DIRECT_OBJC_ISA_USAGE = YES_ERROR;
				CLANG_WARN_DOCUMENTATION_COMMENTS = YES;
				CLANG_WARN_EMPTY_BODY = YES;
				CLANG_WARN_ENUM_CONVERSION = YES;
				CLANG_WARN_INFINITE_RECURSION = YES;
				CLANG_WARN_INT_CONVERSION = YES;
				CLANG_WARN_NON_LITERAL_NULL_CONVERSION = YES;
				CLANG_WARN_OBJC_LITERAL_CONVERSION = YES;
				CLANG_WARN_OBJC_ROOT_CLASS = YES_ERROR;
				CLANG_WARN_RANGE_LOOP_ANALYSIS = YES;
				CLANG_WARN_STRICT_PROTOTYPES = YES;
				CLANG_WARN_SUSPICIOUS_MOVE = YES;
				CLANG_WARN_SUSPICIOUS_MOVES = YES;
				CLANG_WARN_UNREACHABLE_CODE = YES;
				CLANG_WARN__DUPLICATE_METHOD_MATCH = YES;
				"CODE_SIGN_IDENTITY[sdk=iphoneos*]" = "iPhone Developer";
				COPY_PHASE_STRIP = NO;
				DEBUG_INFORMATION_FORMAT = dwarf;
				DEVELOPMENT_TEAM = 4C34FT6ABU;
				ENABLE_STRICT_OBJC_MSGSEND = YES;
				ENABLE_TESTABILITY = YES;
				GCC_C_LANGUAGE_STANDARD = gnu99;
				GCC_DYNAMIC_NO_PIC = NO;
				GCC_NO_COMMON_BLOCKS = YES;
				GCC_OPTIMIZATION_LEVEL = 0;
				GCC_PREPROCESSOR_DEFINITIONS = (
					"DEBUG=1",
					"$(inherited)",
				);
				GCC_WARN_64_TO_32_BIT_CONVERSION = YES;
				GCC_WARN_ABOUT_RETURN_TYPE = YES_ERROR;
				GCC_WARN_UNDECLARED_SELECTOR = YES;
				GCC_WARN_UNINITIALIZED_AUTOS = YES_AGGRESSIVE;
				GCC_WARN_UNUSED_FUNCTION = YES;
				GCC_WARN_UNUSED_VARIABLE = YES;
				IPHONEOS_DEPLOYMENT_TARGET = 10.0;
				MTL_ENABLE_DEBUG_INFO = YES;
				ONLY_ACTIVE_ARCH = YES;
				SDKROOT = iphoneos;
				SWIFT_ACTIVE_COMPILATION_CONDITIONS = DEBUG;
				SWIFT_OPTIMIZATION_LEVEL = "-Onone";
				SWIFT_VERSION = 4.0;
				TARGETED_DEVICE_FAMILY = "1,2";
			};
			name = Debug;
		};
		EA4A57BD1D81F7ED006935A9 /* Release */ = {
			isa = XCBuildConfiguration;
			buildSettings = {
				ALWAYS_SEARCH_USER_PATHS = NO;
				CLANG_ANALYZER_NONNULL = YES;
				CLANG_CXX_LANGUAGE_STANDARD = "gnu++0x";
				CLANG_CXX_LIBRARY = "libc++";
				CLANG_ENABLE_MODULES = YES;
				CLANG_ENABLE_OBJC_ARC = YES;
				CLANG_WARN_BLOCK_CAPTURE_AUTORELEASING = YES;
				CLANG_WARN_BOOL_CONVERSION = YES;
				CLANG_WARN_COMMA = YES;
				CLANG_WARN_CONSTANT_CONVERSION = YES;
				CLANG_WARN_DIRECT_OBJC_ISA_USAGE = YES_ERROR;
				CLANG_WARN_DOCUMENTATION_COMMENTS = YES;
				CLANG_WARN_EMPTY_BODY = YES;
				CLANG_WARN_ENUM_CONVERSION = YES;
				CLANG_WARN_INFINITE_RECURSION = YES;
				CLANG_WARN_INT_CONVERSION = YES;
				CLANG_WARN_NON_LITERAL_NULL_CONVERSION = YES;
				CLANG_WARN_OBJC_LITERAL_CONVERSION = YES;
				CLANG_WARN_OBJC_ROOT_CLASS = YES_ERROR;
				CLANG_WARN_RANGE_LOOP_ANALYSIS = YES;
				CLANG_WARN_STRICT_PROTOTYPES = YES;
				CLANG_WARN_SUSPICIOUS_MOVE = YES;
				CLANG_WARN_SUSPICIOUS_MOVES = YES;
				CLANG_WARN_UNREACHABLE_CODE = YES;
				CLANG_WARN__DUPLICATE_METHOD_MATCH = YES;
				"CODE_SIGN_IDENTITY[sdk=iphoneos*]" = "iPhone Developer";
				COPY_PHASE_STRIP = NO;
				DEBUG_INFORMATION_FORMAT = "dwarf-with-dsym";
				DEVELOPMENT_TEAM = 4C34FT6ABU;
				ENABLE_NS_ASSERTIONS = NO;
				ENABLE_STRICT_OBJC_MSGSEND = YES;
				GCC_C_LANGUAGE_STANDARD = gnu99;
				GCC_NO_COMMON_BLOCKS = YES;
				GCC_WARN_64_TO_32_BIT_CONVERSION = YES;
				GCC_WARN_ABOUT_RETURN_TYPE = YES_ERROR;
				GCC_WARN_UNDECLARED_SELECTOR = YES;
				GCC_WARN_UNINITIALIZED_AUTOS = YES_AGGRESSIVE;
				GCC_WARN_UNUSED_FUNCTION = YES;
				GCC_WARN_UNUSED_VARIABLE = YES;
				IPHONEOS_DEPLOYMENT_TARGET = 10.0;
				MTL_ENABLE_DEBUG_INFO = NO;
				SDKROOT = iphoneos;
				SWIFT_OPTIMIZATION_LEVEL = "-Owholemodule";
				SWIFT_VERSION = 4.0;
				TARGETED_DEVICE_FAMILY = "1,2";
				VALIDATE_PRODUCT = YES;
			};
			name = Release;
		};
		EA4A57BF1D81F7ED006935A9 /* Debug */ = {
			isa = XCBuildConfiguration;
			buildSettings = {
				ASSETCATALOG_COMPILER_COMPLICATION_NAME = Complication;
				CODE_SIGN_ENTITLEMENTS = "SlowEat WatchKit Extension/SlowEat WatchKit Extension.entitlements";
				"CODE_SIGN_IDENTITY[sdk=watchos*]" = "iPhone Developer";
				DEVELOPMENT_TEAM = 4C34FT6ABU;
				INFOPLIST_FILE = "SlowEat WatchKit Extension/Info.plist";
				LD_RUNPATH_SEARCH_PATHS = "$(inherited) @executable_path/Frameworks @executable_path/../../Frameworks";
				PRODUCT_BUNDLE_IDENTIFIER = com.elit.SlowEat.watchkitapp.watchkitextension;
				PRODUCT_NAME = "$(TARGET_NAME)";
				PROVISIONING_PROFILE = "";
				PROVISIONING_PROFILE_SPECIFIER = "";
				SDKROOT = watchos;
				SKIP_INSTALL = YES;
				SWIFT_SWIFT3_OBJC_INFERENCE = Default;
				SWIFT_VERSION = 4.0;
				TARGETED_DEVICE_FAMILY = 4;
				WATCHOS_DEPLOYMENT_TARGET = 3.0;
			};
			name = Debug;
		};
		EA4A57C01D81F7ED006935A9 /* Release */ = {
			isa = XCBuildConfiguration;
			buildSettings = {
				ASSETCATALOG_COMPILER_COMPLICATION_NAME = Complication;
				CODE_SIGN_ENTITLEMENTS = "SlowEat WatchKit Extension/SlowEat WatchKit Extension.entitlements";
				"CODE_SIGN_IDENTITY[sdk=watchos*]" = "iPhone Developer";
				DEVELOPMENT_TEAM = 4C34FT6ABU;
				INFOPLIST_FILE = "SlowEat WatchKit Extension/Info.plist";
				LD_RUNPATH_SEARCH_PATHS = "$(inherited) @executable_path/Frameworks @executable_path/../../Frameworks";
				PRODUCT_BUNDLE_IDENTIFIER = com.elit.SlowEat.watchkitapp.watchkitextension;
				PRODUCT_NAME = "$(TARGET_NAME)";
				PROVISIONING_PROFILE = "";
				PROVISIONING_PROFILE_SPECIFIER = "";
				SDKROOT = watchos;
				SKIP_INSTALL = YES;
				SWIFT_SWIFT3_OBJC_INFERENCE = Default;
				SWIFT_VERSION = 4.0;
				TARGETED_DEVICE_FAMILY = 4;
				WATCHOS_DEPLOYMENT_TARGET = 3.0;
			};
			name = Release;
		};
		EA4A57C31D81F7ED006935A9 /* Debug */ = {
			isa = XCBuildConfiguration;
			buildSettings = {
				ALWAYS_EMBED_SWIFT_STANDARD_LIBRARIES = YES;
				ASSETCATALOG_COMPILER_APPICON_NAME = AppIcon;
				"CODE_SIGN_IDENTITY[sdk=watchos*]" = "iPhone Developer";
				DEVELOPMENT_TEAM = 4C34FT6ABU;
				IBSC_MODULE = SlowEat_WatchKit_Extension;
				INFOPLIST_FILE = "SlowEat WatchKit App/Info.plist";
				PRODUCT_BUNDLE_IDENTIFIER = com.elit.SlowEat.watchkitapp;
				PRODUCT_NAME = SlowEat;
				PROVISIONING_PROFILE = "";
				PROVISIONING_PROFILE_SPECIFIER = "";
				SDKROOT = watchos;
				SKIP_INSTALL = YES;
				SWIFT_SWIFT3_OBJC_INFERENCE = Default;
				SWIFT_VERSION = 4.0;
				TARGETED_DEVICE_FAMILY = 4;
				WATCHOS_DEPLOYMENT_TARGET = 3.0;
			};
			name = Debug;
		};
		EA4A57C41D81F7ED006935A9 /* Release */ = {
			isa = XCBuildConfiguration;
			buildSettings = {
				ALWAYS_EMBED_SWIFT_STANDARD_LIBRARIES = YES;
				ASSETCATALOG_COMPILER_APPICON_NAME = AppIcon;
				"CODE_SIGN_IDENTITY[sdk=watchos*]" = "iPhone Developer";
				DEVELOPMENT_TEAM = 4C34FT6ABU;
				IBSC_MODULE = SlowEat_WatchKit_Extension;
				INFOPLIST_FILE = "SlowEat WatchKit App/Info.plist";
				PRODUCT_BUNDLE_IDENTIFIER = com.elit.SlowEat.watchkitapp;
				PRODUCT_NAME = SlowEat;
				PROVISIONING_PROFILE = "";
				PROVISIONING_PROFILE_SPECIFIER = "";
				SDKROOT = watchos;
				SKIP_INSTALL = YES;
				SWIFT_SWIFT3_OBJC_INFERENCE = Default;
				SWIFT_VERSION = 4.0;
				TARGETED_DEVICE_FAMILY = 4;
				WATCHOS_DEPLOYMENT_TARGET = 3.0;
			};
			name = Release;
		};
		EA4A57C71D81F7ED006935A9 /* Debug */ = {
			isa = XCBuildConfiguration;
			baseConfigurationReference = AF3CCFCB51FFDBAD844D010D /* Pods-SlowEat.debug.xcconfig */;
			buildSettings = {
				ASSETCATALOG_COMPILER_APPICON_NAME = AppIcon;
				CLANG_ENABLE_MODULES = YES;
				CODE_SIGN_ENTITLEMENTS = SlowEat/SlowEat.entitlements;
				"CODE_SIGN_IDENTITY[sdk=iphoneos*]" = "iPhone Developer";
				DEVELOPMENT_TEAM = 4C34FT6ABU;
				INFOPLIST_FILE = SlowEat/Info.plist;
				LD_RUNPATH_SEARCH_PATHS = "$(inherited) @executable_path/Frameworks";
				PRODUCT_BUNDLE_IDENTIFIER = com.elit.SlowEat;
				PRODUCT_NAME = "$(TARGET_NAME)";
				PROVISIONING_PROFILE = "";
				PROVISIONING_PROFILE_SPECIFIER = "";
				SWIFT_OBJC_BRIDGING_HEADER = "SlowEat/SlowEat-Bridging-Header.h";
				SWIFT_OPTIMIZATION_LEVEL = "-Onone";
				SWIFT_SWIFT3_OBJC_INFERENCE = Default;
				SWIFT_VERSION = 4.0;
				TARGETED_DEVICE_FAMILY = 1;
			};
			name = Debug;
		};
		EA4A57C81D81F7ED006935A9 /* Release */ = {
			isa = XCBuildConfiguration;
			baseConfigurationReference = 01482643ADCC2713AFB09B41 /* Pods-SlowEat.release.xcconfig */;
			buildSettings = {
				ASSETCATALOG_COMPILER_APPICON_NAME = AppIcon;
				CLANG_ENABLE_MODULES = YES;
				CODE_SIGN_ENTITLEMENTS = SlowEat/SlowEat.entitlements;
				"CODE_SIGN_IDENTITY[sdk=iphoneos*]" = "iPhone Developer";
				DEVELOPMENT_TEAM = 4C34FT6ABU;
				INFOPLIST_FILE = SlowEat/Info.plist;
				LD_RUNPATH_SEARCH_PATHS = "$(inherited) @executable_path/Frameworks";
				PRODUCT_BUNDLE_IDENTIFIER = com.elit.SlowEat;
				PRODUCT_NAME = "$(TARGET_NAME)";
				PROVISIONING_PROFILE = "";
				PROVISIONING_PROFILE_SPECIFIER = "";
				SWIFT_OBJC_BRIDGING_HEADER = "SlowEat/SlowEat-Bridging-Header.h";
				SWIFT_SWIFT3_OBJC_INFERENCE = Default;
				SWIFT_VERSION = 4.0;
				TARGETED_DEVICE_FAMILY = 1;
			};
			name = Release;
		};
		EA4A57CA1D81F7ED006935A9 /* Debug */ = {
			isa = XCBuildConfiguration;
			baseConfigurationReference = EA4C9C56B9F96335C1E3C9F7 /* Pods-SlowEatTests.debug.xcconfig */;
			buildSettings = {
				ALWAYS_EMBED_SWIFT_STANDARD_LIBRARIES = YES;
				BUNDLE_LOADER = "$(TEST_HOST)";
				CLANG_ENABLE_MODULES = YES;
				"CODE_SIGN_IDENTITY[sdk=iphoneos*]" = "iPhone Developer";
				DEVELOPMENT_TEAM = 4C34FT6ABU;
				INFOPLIST_FILE = SlowEatTests/Info.plist;
				LD_RUNPATH_SEARCH_PATHS = "$(inherited) @executable_path/Frameworks @loader_path/Frameworks";
				PRODUCT_BUNDLE_IDENTIFIER = com.tm.SlowEatTests;
				PRODUCT_NAME = "$(TARGET_NAME)";
				SWIFT_OPTIMIZATION_LEVEL = "-Onone";
				SWIFT_SWIFT3_OBJC_INFERENCE = Default;
				SWIFT_VERSION = 4.0;
				TEST_HOST = "$(BUILT_PRODUCTS_DIR)/SlowEat.app/SlowEat";
			};
			name = Debug;
		};
		EA4A57CB1D81F7ED006935A9 /* Release */ = {
			isa = XCBuildConfiguration;
			baseConfigurationReference = 9FB7C03E7D588A4172FF4CFA /* Pods-SlowEatTests.release.xcconfig */;
			buildSettings = {
				ALWAYS_EMBED_SWIFT_STANDARD_LIBRARIES = YES;
				BUNDLE_LOADER = "$(TEST_HOST)";
				CLANG_ENABLE_MODULES = YES;
				"CODE_SIGN_IDENTITY[sdk=iphoneos*]" = "iPhone Developer";
				DEVELOPMENT_TEAM = 4C34FT6ABU;
				INFOPLIST_FILE = SlowEatTests/Info.plist;
				LD_RUNPATH_SEARCH_PATHS = "$(inherited) @executable_path/Frameworks @loader_path/Frameworks";
				PRODUCT_BUNDLE_IDENTIFIER = com.tm.SlowEatTests;
				PRODUCT_NAME = "$(TARGET_NAME)";
				SWIFT_SWIFT3_OBJC_INFERENCE = Default;
				SWIFT_VERSION = 4.0;
				TEST_HOST = "$(BUILT_PRODUCTS_DIR)/SlowEat.app/SlowEat";
			};
			name = Release;
		};
/* End XCBuildConfiguration section */

/* Begin XCConfigurationList section */
		EA4A576E1D81F7ED006935A9 /* Build configuration list for PBXProject "SlowEat" */ = {
			isa = XCConfigurationList;
			buildConfigurations = (
				EA4A57BC1D81F7ED006935A9 /* Debug */,
				EA4A57BD1D81F7ED006935A9 /* Release */,
			);
			defaultConfigurationIsVisible = 0;
			defaultConfigurationName = Release;
		};
		EA4A57BE1D81F7ED006935A9 /* Build configuration list for PBXNativeTarget "SlowEat WatchKit Extension" */ = {
			isa = XCConfigurationList;
			buildConfigurations = (
				EA4A57BF1D81F7ED006935A9 /* Debug */,
				EA4A57C01D81F7ED006935A9 /* Release */,
			);
			defaultConfigurationIsVisible = 0;
			defaultConfigurationName = Release;
		};
		EA4A57C21D81F7ED006935A9 /* Build configuration list for PBXNativeTarget "SlowEat WatchKit App" */ = {
			isa = XCConfigurationList;
			buildConfigurations = (
				EA4A57C31D81F7ED006935A9 /* Debug */,
				EA4A57C41D81F7ED006935A9 /* Release */,
			);
			defaultConfigurationIsVisible = 0;
			defaultConfigurationName = Release;
		};
		EA4A57C61D81F7ED006935A9 /* Build configuration list for PBXNativeTarget "SlowEat" */ = {
			isa = XCConfigurationList;
			buildConfigurations = (
				EA4A57C71D81F7ED006935A9 /* Debug */,
				EA4A57C81D81F7ED006935A9 /* Release */,
			);
			defaultConfigurationIsVisible = 0;
			defaultConfigurationName = Release;
		};
		EA4A57C91D81F7ED006935A9 /* Build configuration list for PBXNativeTarget "SlowEatTests" */ = {
			isa = XCConfigurationList;
			buildConfigurations = (
				EA4A57CA1D81F7ED006935A9 /* Debug */,
				EA4A57CB1D81F7ED006935A9 /* Release */,
			);
			defaultConfigurationIsVisible = 0;
			defaultConfigurationName = Release;
		};
/* End XCConfigurationList section */
	};
	rootObject = EA4A576B1D81F7ED006935A9 /* Project object */;
}
